// !$*UTF8*$!
{
	archiveVersion = 1;
	classes = {
	};
	objectVersion = 51;
	objects = {

/* Begin PBXBuildFile section */
		00D69FD028D2032300498D05 /* libsqlite3.tbd in Frameworks */ = {isa = PBXBuildFile; fileRef = 00D69FCF28D2032300498D05 /* libsqlite3.tbd */; };
		058557BB273AAA24004C7B11 /* Assets.xcassets in Resources */ = {isa = PBXBuildFile; fileRef = 058557BA273AAA24004C7B11 /* Assets.xcassets */; };
		058557D9273AAEEB004C7B11 /* Preview Assets.xcassets in Resources */ = {isa = PBXBuildFile; fileRef = 058557D8273AAEEB004C7B11 /* Preview Assets.xcassets */; };
		2152FB042600AC8F00CF470E /* iOSApp.swift in Sources */ = {isa = PBXBuildFile; fileRef = 2152FB032600AC8F00CF470E /* iOSApp.swift */; };
		4A68B3C2C094CCA8E63BD31C /* Pods_DevFest_Nantes.framework in Frameworks */ = {isa = PBXBuildFile; fileRef = C00E8BA0569778DAA4195B86 /* Pods_DevFest_Nantes.framework */; };
		7555FF83242A565900829871 /* ContentView.swift in Sources */ = {isa = PBXBuildFile; fileRef = 7555FF82242A565900829871 /* ContentView.swift */; };
		CB179BD728D22BA900BB9934 /* DevFestViewModel.swift in Sources */ = {isa = PBXBuildFile; fileRef = CB179BD628D22BA900BB9934 /* DevFestViewModel.swift */; };
		CB179BDB28D24C9C00BB9934 /* CategoryView.swift in Sources */ = {isa = PBXBuildFile; fileRef = CB179BDA28D24C9C00BB9934 /* CategoryView.swift */; };
		CB179BDE28D365E800BB9934 /* AgendaContent.swift in Sources */ = {isa = PBXBuildFile; fileRef = CB179BDD28D365E800BB9934 /* AgendaContent.swift */; };
		CB179BE028D365F600BB9934 /* VenueContent.swift in Sources */ = {isa = PBXBuildFile; fileRef = CB179BDF28D365F600BB9934 /* VenueContent.swift */; };
		CB179BE528D3894500BB9934 /* CustomButton.swift in Sources */ = {isa = PBXBuildFile; fileRef = CB179BE428D3894500BB9934 /* CustomButton.swift */; };
		CB179BEB28D4B48100BB9934 /* Localizable.strings in Resources */ = {isa = PBXBuildFile; fileRef = CB179BE928D4B48100BB9934 /* Localizable.strings */; };
		CB179BF428D4C33A00BB9934 /* swiftgen.yml in Resources */ = {isa = PBXBuildFile; fileRef = CB179BF328D4C33A00BB9934 /* swiftgen.yml */; };
		CB179BF628D4C36A00BB9934 /* Strings.swift in Sources */ = {isa = PBXBuildFile; fileRef = CB179BF528D4C36A00BB9934 /* Strings.swift */; };
		CB3F424428A6A02300D1C75B /* AgendaCellView.swift in Sources */ = {isa = PBXBuildFile; fileRef = CB3F424328A6A02300D1C75B /* AgendaCellView.swift */; };
		CB73E81028A5587E0014B9AF /* AgendaDetailView.swift in Sources */ = {isa = PBXBuildFile; fileRef = CB73E80F28A5587E0014B9AF /* AgendaDetailView.swift */; };
		CB837AB6287B7D1200FEDAA1 /* AgendaView.swift in Sources */ = {isa = PBXBuildFile; fileRef = CB837AB5287B7D1200FEDAA1 /* AgendaView.swift */; };
		CB837AB8287B7D6500FEDAA1 /* VenueView.swift in Sources */ = {isa = PBXBuildFile; fileRef = CB837AB7287B7D6500FEDAA1 /* VenueView.swift */; };
		CB837ABA287B7D9200FEDAA1 /* AboutView.swift in Sources */ = {isa = PBXBuildFile; fileRef = CB837AB9287B7D9200FEDAA1 /* AboutView.swift */; };
		CBA5C22E28DB194E00D2779B /* PartnersContent.swift in Sources */ = {isa = PBXBuildFile; fileRef = CBA5C22D28DB194E00D2779B /* PartnersContent.swift */; };
		CBA5C23028DB4F5100D2779B /* Card.swift in Sources */ = {isa = PBXBuildFile; fileRef = CBA5C22F28DB4F5100D2779B /* Card.swift */; };
		CBA5C23228DBC5CA00D2779B /* Assets.swift in Sources */ = {isa = PBXBuildFile; fileRef = CBA5C23128DBC5CA00D2779B /* Assets.swift */; };
		CBCB60ED28E47FC5001E9B1A /* LoadingView.swift in Sources */ = {isa = PBXBuildFile; fileRef = CBCB60EC28E47FC5001E9B1A /* LoadingView.swift */; };
		CBCB60EF28E485D5001E9B1A /* GoogleService-Info.plist in Resources */ = {isa = PBXBuildFile; fileRef = CBCB60EE28E485D5001E9B1A /* GoogleService-Info.plist */; };
		CBCB60FA28E48F27001E9B1A /* FirebaseAnalyticsService.swift in Sources */ = {isa = PBXBuildFile; fileRef = CBCB60F928E48F27001E9B1A /* FirebaseAnalyticsService.swift */; };
		CBCB610228E99990001E9B1A /* WebLinks.swift in Sources */ = {isa = PBXBuildFile; fileRef = CBCB610128E99990001E9B1A /* WebLinks.swift */; };
/* End PBXBuildFile section */

/* Begin PBXFileReference section */
		00D69FCF28D2032300498D05 /* libsqlite3.tbd */ = {isa = PBXFileReference; lastKnownFileType = "sourcecode.text-based-dylib-definition"; name = libsqlite3.tbd; path = usr/lib/libsqlite3.tbd; sourceTree = SDKROOT; };
		058557BA273AAA24004C7B11 /* Assets.xcassets */ = {isa = PBXFileReference; lastKnownFileType = folder.assetcatalog; path = Assets.xcassets; sourceTree = "<group>"; };
		058557D8273AAEEB004C7B11 /* Preview Assets.xcassets */ = {isa = PBXFileReference; lastKnownFileType = folder.assetcatalog; path = "Preview Assets.xcassets"; sourceTree = "<group>"; };
		2152FB032600AC8F00CF470E /* iOSApp.swift */ = {isa = PBXFileReference; lastKnownFileType = sourcecode.swift; path = iOSApp.swift; sourceTree = "<group>"; };
		335DDDADCA8EF96DDC2FF0DA /* Pods-DevFest Nantes.debug.xcconfig */ = {isa = PBXFileReference; includeInIndex = 1; lastKnownFileType = text.xcconfig; name = "Pods-DevFest Nantes.debug.xcconfig"; path = "Target Support Files/Pods-DevFest Nantes/Pods-DevFest Nantes.debug.xcconfig"; sourceTree = "<group>"; };
		61F137D9C05A1590733ECB7C /* Pods-iosApp.debug.xcconfig */ = {isa = PBXFileReference; includeInIndex = 1; lastKnownFileType = text.xcconfig; name = "Pods-iosApp.debug.xcconfig"; path = "Target Support Files/Pods-iosApp/Pods-iosApp.debug.xcconfig"; sourceTree = "<group>"; };
		642F83E11D7437F95EA9CC78 /* Pods-DevFest Nantes.release.xcconfig */ = {isa = PBXFileReference; includeInIndex = 1; lastKnownFileType = text.xcconfig; name = "Pods-DevFest Nantes.release.xcconfig"; path = "Target Support Files/Pods-DevFest Nantes/Pods-DevFest Nantes.release.xcconfig"; sourceTree = "<group>"; };
		7555FF7B242A565900829871 /* DevFest Nantes.app */ = {isa = PBXFileReference; explicitFileType = wrapper.application; includeInIndex = 0; path = "DevFest Nantes.app"; sourceTree = BUILT_PRODUCTS_DIR; };
		7555FF82242A565900829871 /* ContentView.swift */ = {isa = PBXFileReference; lastKnownFileType = sourcecode.swift; path = ContentView.swift; sourceTree = "<group>"; };
		7555FF8C242A565B00829871 /* Info.plist */ = {isa = PBXFileReference; lastKnownFileType = text.plist.xml; path = Info.plist; sourceTree = "<group>"; };
		C00E8BA0569778DAA4195B86 /* Pods_DevFest_Nantes.framework */ = {isa = PBXFileReference; explicitFileType = wrapper.framework; includeInIndex = 0; path = Pods_DevFest_Nantes.framework; sourceTree = BUILT_PRODUCTS_DIR; };
		CB179BD628D22BA900BB9934 /* DevFestViewModel.swift */ = {isa = PBXFileReference; lastKnownFileType = sourcecode.swift; path = DevFestViewModel.swift; sourceTree = "<group>"; };
		CB179BDA28D24C9C00BB9934 /* CategoryView.swift */ = {isa = PBXFileReference; lastKnownFileType = sourcecode.swift; path = CategoryView.swift; sourceTree = "<group>"; };
		CB179BDD28D365E800BB9934 /* AgendaContent.swift */ = {isa = PBXFileReference; lastKnownFileType = sourcecode.swift; path = AgendaContent.swift; sourceTree = "<group>"; };
		CB179BDF28D365F600BB9934 /* VenueContent.swift */ = {isa = PBXFileReference; lastKnownFileType = sourcecode.swift; path = VenueContent.swift; sourceTree = "<group>"; };
		CB179BE428D3894500BB9934 /* CustomButton.swift */ = {isa = PBXFileReference; lastKnownFileType = sourcecode.swift; path = CustomButton.swift; sourceTree = "<group>"; };
		CB179BEA28D4B48100BB9934 /* en */ = {isa = PBXFileReference; lastKnownFileType = text.plist.strings; name = en; path = en.lproj/Localizable.strings; sourceTree = "<group>"; };
		CB179BEC28D4B48E00BB9934 /* fr */ = {isa = PBXFileReference; lastKnownFileType = text.plist.strings; name = fr; path = fr.lproj/Localizable.strings; sourceTree = "<group>"; };
		CB179BF328D4C33A00BB9934 /* swiftgen.yml */ = {isa = PBXFileReference; fileEncoding = 4; lastKnownFileType = text.yaml; path = swiftgen.yml; sourceTree = "<group>"; };
		CB179BF528D4C36A00BB9934 /* Strings.swift */ = {isa = PBXFileReference; fileEncoding = 4; lastKnownFileType = sourcecode.swift; path = Strings.swift; sourceTree = "<group>"; };
		CB3F424328A6A02300D1C75B /* AgendaCellView.swift */ = {isa = PBXFileReference; lastKnownFileType = sourcecode.swift; path = AgendaCellView.swift; sourceTree = "<group>"; };
		CB73E80F28A5587E0014B9AF /* AgendaDetailView.swift */ = {isa = PBXFileReference; lastKnownFileType = sourcecode.swift; path = AgendaDetailView.swift; sourceTree = "<group>"; };
		CB837AB5287B7D1200FEDAA1 /* AgendaView.swift */ = {isa = PBXFileReference; lastKnownFileType = sourcecode.swift; path = AgendaView.swift; sourceTree = "<group>"; };
		CB837AB7287B7D6500FEDAA1 /* VenueView.swift */ = {isa = PBXFileReference; lastKnownFileType = sourcecode.swift; path = VenueView.swift; sourceTree = "<group>"; };
		CB837AB9287B7D9200FEDAA1 /* AboutView.swift */ = {isa = PBXFileReference; lastKnownFileType = sourcecode.swift; path = AboutView.swift; sourceTree = "<group>"; };
		CBA5C22D28DB194E00D2779B /* PartnersContent.swift */ = {isa = PBXFileReference; lastKnownFileType = sourcecode.swift; path = PartnersContent.swift; sourceTree = "<group>"; };
		CBA5C22F28DB4F5100D2779B /* Card.swift */ = {isa = PBXFileReference; lastKnownFileType = sourcecode.swift; path = Card.swift; sourceTree = "<group>"; };
		CBA5C23128DBC5CA00D2779B /* Assets.swift */ = {isa = PBXFileReference; fileEncoding = 4; lastKnownFileType = sourcecode.swift; path = Assets.swift; sourceTree = "<group>"; };
		CBCB60EC28E47FC5001E9B1A /* LoadingView.swift */ = {isa = PBXFileReference; lastKnownFileType = sourcecode.swift; path = LoadingView.swift; sourceTree = "<group>"; };
		CBCB60EE28E485D5001E9B1A /* GoogleService-Info.plist */ = {isa = PBXFileReference; fileEncoding = 4; lastKnownFileType = text.plist.xml; name = "GoogleService-Info.plist"; path = "../../../../Downloads/GoogleService-Info.plist"; sourceTree = "<group>"; };
		CBCB60F928E48F27001E9B1A /* FirebaseAnalyticsService.swift */ = {isa = PBXFileReference; lastKnownFileType = sourcecode.swift; path = FirebaseAnalyticsService.swift; sourceTree = "<group>"; };
		CBCB610128E99990001E9B1A /* WebLinks.swift */ = {isa = PBXFileReference; lastKnownFileType = sourcecode.swift; path = WebLinks.swift; sourceTree = "<group>"; };
		F2F2D5718F0FE661E81ECDD3 /* Pods-iosApp.release.xcconfig */ = {isa = PBXFileReference; includeInIndex = 1; lastKnownFileType = text.xcconfig; name = "Pods-iosApp.release.xcconfig"; path = "Target Support Files/Pods-iosApp/Pods-iosApp.release.xcconfig"; sourceTree = "<group>"; };
/* End PBXFileReference section */

/* Begin PBXFrameworksBuildPhase section */
		5E1F1D6C76BD5C5DE5D6CF99 /* Frameworks */ = {
			isa = PBXFrameworksBuildPhase;
			buildActionMask = 2147483647;
			files = (
				00D69FD028D2032300498D05 /* libsqlite3.tbd in Frameworks */,
				4A68B3C2C094CCA8E63BD31C /* Pods_DevFest_Nantes.framework in Frameworks */,
			);
			runOnlyForDeploymentPostprocessing = 0;
		};
/* End PBXFrameworksBuildPhase section */

/* Begin PBXGroup section */
		058557D7273AAEEB004C7B11 /* Preview Content */ = {
			isa = PBXGroup;
			children = (
				058557D8273AAEEB004C7B11 /* Preview Assets.xcassets */,
			);
			path = "Preview Content";
			sourceTree = "<group>";
		};
		4A88C115827EC45D296926A8 /* Pods */ = {
			isa = PBXGroup;
			children = (
				61F137D9C05A1590733ECB7C /* Pods-iosApp.debug.xcconfig */,
				F2F2D5718F0FE661E81ECDD3 /* Pods-iosApp.release.xcconfig */,
				335DDDADCA8EF96DDC2FF0DA /* Pods-DevFest Nantes.debug.xcconfig */,
				642F83E11D7437F95EA9CC78 /* Pods-DevFest Nantes.release.xcconfig */,
			);
			path = Pods;
			sourceTree = "<group>";
		};
		7555FF72242A565900829871 = {
			isa = PBXGroup;
			children = (
				7555FF7D242A565900829871 /* iosApp */,
				7555FF7C242A565900829871 /* Products */,
				4A88C115827EC45D296926A8 /* Pods */,
				D55A5A220E17EC8ED6D399D0 /* Frameworks */,
			);
			sourceTree = "<group>";
		};
		7555FF7C242A565900829871 /* Products */ = {
			isa = PBXGroup;
			children = (
				7555FF7B242A565900829871 /* DevFest Nantes.app */,
			);
			name = Products;
			sourceTree = "<group>";
		};
		7555FF7D242A565900829871 /* iosApp */ = {
			isa = PBXGroup;
			children = (
				CBCB60F628E48EBC001E9B1A /* Analytics */,
				CB179BD628D22BA900BB9934 /* DevFestViewModel.swift */,
				7555FF82242A565900829871 /* ContentView.swift */,
				7555FF8C242A565B00829871 /* Info.plist */,
				2152FB032600AC8F00CF470E /* iOSApp.swift */,
				CB73E80E28A5501B0014B9AF /* Agenda */,
				CB179BD128D0D8FF00BB9934 /* Venue */,
				CB179BDC28D365B400BB9934 /* Data */,
				CB179BE128D37E4C00BB9934 /* About */,
				CB179BEE28D4C05100BB9934 /* SwiftGen */,
				CB179BE628D4B2ED00BB9934 /* Resources */,
				058557D7273AAEEB004C7B11 /* Preview Content */,
				CB179BE428D3894500BB9934 /* CustomButton.swift */,
				CBA5C22F28DB4F5100D2779B /* Card.swift */,
				CBCB60EE28E485D5001E9B1A /* GoogleService-Info.plist */,
			);
			path = iosApp;
			sourceTree = "<group>";
		};
		CB179BD128D0D8FF00BB9934 /* Venue */ = {
			isa = PBXGroup;
			children = (
				CB837AB7287B7D6500FEDAA1 /* VenueView.swift */,
			);
			path = Venue;
			sourceTree = "<group>";
		};
		CB179BDC28D365B400BB9934 /* Data */ = {
			isa = PBXGroup;
			children = (
				CB179BDD28D365E800BB9934 /* AgendaContent.swift */,
				CB179BDF28D365F600BB9934 /* VenueContent.swift */,
				CBA5C22D28DB194E00D2779B /* PartnersContent.swift */,
			);
			path = Data;
			sourceTree = "<group>";
		};
		CB179BE128D37E4C00BB9934 /* About */ = {
			isa = PBXGroup;
			children = (
				CB837AB9287B7D9200FEDAA1 /* AboutView.swift */,
			);
			path = About;
			sourceTree = "<group>";
		};
		CB179BE628D4B2ED00BB9934 /* Resources */ = {
			isa = PBXGroup;
			children = (
				CB179BE928D4B48100BB9934 /* Localizable.strings */,
				058557BA273AAA24004C7B11 /* Assets.xcassets */,
				CBCB610128E99990001E9B1A /* WebLinks.swift */,
			);
			path = Resources;
			sourceTree = "<group>";
		};
		CB179BEE28D4C05100BB9934 /* SwiftGen */ = {
			isa = PBXGroup;
			children = (
				CBA5C23128DBC5CA00D2779B /* Assets.swift */,
				CB179BF528D4C36A00BB9934 /* Strings.swift */,
				CB179BF328D4C33A00BB9934 /* swiftgen.yml */,
			);
			path = SwiftGen;
			sourceTree = "<group>";
		};
		CB73E80E28A5501B0014B9AF /* Agenda */ = {
			isa = PBXGroup;
			children = (
				CB837AB5287B7D1200FEDAA1 /* AgendaView.swift */,
				CB73E80F28A5587E0014B9AF /* AgendaDetailView.swift */,
				CB3F424328A6A02300D1C75B /* AgendaCellView.swift */,
				CB179BDA28D24C9C00BB9934 /* CategoryView.swift */,
				CBCB60EC28E47FC5001E9B1A /* LoadingView.swift */,
			);
			path = Agenda;
			sourceTree = "<group>";
		};
		CBCB60F628E48EBC001E9B1A /* Analytics */ = {
			isa = PBXGroup;
			children = (
				CBCB60F928E48F27001E9B1A /* FirebaseAnalyticsService.swift */,
			);
			path = Analytics;
			sourceTree = "<group>";
		};
		D55A5A220E17EC8ED6D399D0 /* Frameworks */ = {
			isa = PBXGroup;
			children = (
				00D69FCF28D2032300498D05 /* libsqlite3.tbd */,
				C00E8BA0569778DAA4195B86 /* Pods_DevFest_Nantes.framework */,
			);
			name = Frameworks;
			sourceTree = "<group>";
		};
/* End PBXGroup section */

/* Begin PBXNativeTarget section */
		7555FF7A242A565900829871 /* DevFest Nantes */ = {
			isa = PBXNativeTarget;
			buildConfigurationList = 7555FFA5242A565B00829871 /* Build configuration list for PBXNativeTarget "DevFest Nantes" */;
			buildPhases = (
				9BCCD527FE38A015A1F13232 /* [CP] Check Pods Manifest.lock */,
				CB179BED28D4BD7600BB9934 /* SwiftGen */,
				7555FF77242A565900829871 /* Sources */,
				7555FF79242A565900829871 /* Resources */,
				5E1F1D6C76BD5C5DE5D6CF99 /* Frameworks */,
				733C139CA3EAC19E8C06313A /* [CP] Embed Pods Frameworks */,
				CBCB60F528E48BB8001E9B1A /* ShellScript */,
			);
			buildRules = (
			);
			dependencies = (
			);
			name = "DevFest Nantes";
			packageProductDependencies = (
			);
			productName = iosApp;
			productReference = 7555FF7B242A565900829871 /* DevFest Nantes.app */;
			productType = "com.apple.product-type.application";
		};
/* End PBXNativeTarget section */

/* Begin PBXProject section */
		7555FF73242A565900829871 /* Project object */ = {
			isa = PBXProject;
			attributes = {
				LastSwiftUpdateCheck = 1130;
				LastUpgradeCheck = 1130;
				ORGANIZATIONNAME = orgName;
				TargetAttributes = {
					7555FF7A242A565900829871 = {
						CreatedOnToolsVersion = 11.3.1;
					};
				};
			};
			buildConfigurationList = 7555FF76242A565900829871 /* Build configuration list for PBXProject "iosApp" */;
			compatibilityVersion = "Xcode 9.3";
			developmentRegion = en;
			hasScannedForEncodings = 0;
			knownRegions = (
				en,
				fr,
				Base,
			);
			mainGroup = 7555FF72242A565900829871;
			packageReferences = (
			);
			productRefGroup = 7555FF7C242A565900829871 /* Products */;
			projectDirPath = "";
			projectRoot = "";
			targets = (
				7555FF7A242A565900829871 /* DevFest Nantes */,
			);
		};
/* End PBXProject section */

/* Begin PBXResourcesBuildPhase section */
		7555FF79242A565900829871 /* Resources */ = {
			isa = PBXResourcesBuildPhase;
			buildActionMask = 2147483647;
			files = (
				058557D9273AAEEB004C7B11 /* Preview Assets.xcassets in Resources */,
				CB179BEB28D4B48100BB9934 /* Localizable.strings in Resources */,
				CBCB60EF28E485D5001E9B1A /* GoogleService-Info.plist in Resources */,
				058557BB273AAA24004C7B11 /* Assets.xcassets in Resources */,
				CB179BF428D4C33A00BB9934 /* swiftgen.yml in Resources */,
			);
			runOnlyForDeploymentPostprocessing = 0;
		};
/* End PBXResourcesBuildPhase section */

/* Begin PBXShellScriptBuildPhase section */
		733C139CA3EAC19E8C06313A /* [CP] Embed Pods Frameworks */ = {
			isa = PBXShellScriptBuildPhase;
			buildActionMask = 12;
			files = (
			);
			inputFileListPaths = (
				"${PODS_ROOT}/Target Support Files/Pods-DevFest Nantes/Pods-DevFest Nantes-frameworks-${CONFIGURATION}-input-files.xcfilelist",
			);
			name = "[CP] Embed Pods Frameworks";
			outputFileListPaths = (
				"${PODS_ROOT}/Target Support Files/Pods-DevFest Nantes/Pods-DevFest Nantes-frameworks-${CONFIGURATION}-output-files.xcfilelist",
			);
			runOnlyForDeploymentPostprocessing = 0;
			shellPath = /bin/sh;
			shellScript = "\"${PODS_ROOT}/Target Support Files/Pods-DevFest Nantes/Pods-DevFest Nantes-frameworks.sh\"\n";
			showEnvVarsInLog = 0;
		};
		9BCCD527FE38A015A1F13232 /* [CP] Check Pods Manifest.lock */ = {
			isa = PBXShellScriptBuildPhase;
			buildActionMask = 2147483647;
			files = (
			);
			inputFileListPaths = (
			);
			inputPaths = (
				"${PODS_PODFILE_DIR_PATH}/Podfile.lock",
				"${PODS_ROOT}/Manifest.lock",
			);
			name = "[CP] Check Pods Manifest.lock";
			outputFileListPaths = (
			);
			outputPaths = (
				"$(DERIVED_FILE_DIR)/Pods-DevFest Nantes-checkManifestLockResult.txt",
			);
			runOnlyForDeploymentPostprocessing = 0;
			shellPath = /bin/sh;
			shellScript = "diff \"${PODS_PODFILE_DIR_PATH}/Podfile.lock\" \"${PODS_ROOT}/Manifest.lock\" > /dev/null\nif [ $? != 0 ] ; then\n    # print error to STDERR\n    echo \"error: The sandbox is not in sync with the Podfile.lock. Run 'pod install' or update your CocoaPods installation.\" >&2\n    exit 1\nfi\n# This output is used by Xcode 'outputs' to avoid re-running this script phase.\necho \"SUCCESS\" > \"${SCRIPT_OUTPUT_FILE_0}\"\n";
			showEnvVarsInLog = 0;
		};
		CB179BED28D4BD7600BB9934 /* SwiftGen */ = {
			isa = PBXShellScriptBuildPhase;
			buildActionMask = 12;
			files = (
			);
			inputFileListPaths = (
			);
			inputPaths = (
			);
			name = SwiftGen;
			outputFileListPaths = (
			);
			outputPaths = (
			);
			runOnlyForDeploymentPostprocessing = 0;
			shellPath = /bin/sh;
			shellScript = "$PODS_ROOT/SwiftGen/bin/swiftgen config run --config \"$PROJECT_DIR\"/iosApp/SwiftGen/swiftgen.yml\n";
		};
		CBCB60F528E48BB8001E9B1A /* ShellScript */ = {
			isa = PBXShellScriptBuildPhase;
			buildActionMask = 8;
			files = (
			);
			inputFileListPaths = (
			);
			inputPaths = (
				"${BUILD_DIR%/Build/*}/SourcePackages/checkouts/firebase-ios-sdk/Crashlytics/run",
				"$(SRCROOT)/$(BUILT_PRODUCTS_DIR)/$(INFOPLIST_PATH)",
			);
			outputFileListPaths = (
			);
			outputPaths = (
			);
			runOnlyForDeploymentPostprocessing = 1;
			shellPath = /bin/sh;
			shellScript = "# Type a script or drag a script file from your workspace to insert its path.\n${BUILD_DIR%/Build/*}/SourcePackages/checkouts/firebase-ios-sdk/Crashlytics/run\n";
		};
/* End PBXShellScriptBuildPhase section */

/* Begin PBXSourcesBuildPhase section */
		7555FF77242A565900829871 /* Sources */ = {
			isa = PBXSourcesBuildPhase;
			buildActionMask = 2147483647;
			files = (
				CBA5C22E28DB194E00D2779B /* PartnersContent.swift in Sources */,
				CB179BE528D3894500BB9934 /* CustomButton.swift in Sources */,
				CB179BE028D365F600BB9934 /* VenueContent.swift in Sources */,
				CB837AB8287B7D6500FEDAA1 /* VenueView.swift in Sources */,
				CB179BDE28D365E800BB9934 /* AgendaContent.swift in Sources */,
				2152FB042600AC8F00CF470E /* iOSApp.swift in Sources */,
				CB179BD728D22BA900BB9934 /* DevFestViewModel.swift in Sources */,
				CBA5C23028DB4F5100D2779B /* Card.swift in Sources */,
				CB3F424428A6A02300D1C75B /* AgendaCellView.swift in Sources */,
				CB179BF628D4C36A00BB9934 /* Strings.swift in Sources */,
				CBCB60FA28E48F27001E9B1A /* FirebaseAnalyticsService.swift in Sources */,
				CBA5C23228DBC5CA00D2779B /* Assets.swift in Sources */,
				7555FF83242A565900829871 /* ContentView.swift in Sources */,
				CBCB610228E99990001E9B1A /* WebLinks.swift in Sources */,
				CB837AB6287B7D1200FEDAA1 /* AgendaView.swift in Sources */,
				CB837ABA287B7D9200FEDAA1 /* AboutView.swift in Sources */,
				CB73E81028A5587E0014B9AF /* AgendaDetailView.swift in Sources */,
				CB179BDB28D24C9C00BB9934 /* CategoryView.swift in Sources */,
				CBCB60ED28E47FC5001E9B1A /* LoadingView.swift in Sources */,
			);
			runOnlyForDeploymentPostprocessing = 0;
		};
/* End PBXSourcesBuildPhase section */

/* Begin PBXVariantGroup section */
		CB179BE928D4B48100BB9934 /* Localizable.strings */ = {
			isa = PBXVariantGroup;
			children = (
				CB179BEA28D4B48100BB9934 /* en */,
				CB179BEC28D4B48E00BB9934 /* fr */,
			);
			name = Localizable.strings;
			sourceTree = "<group>";
		};
/* End PBXVariantGroup section */

/* Begin XCBuildConfiguration section */
		7555FFA3242A565B00829871 /* Debug */ = {
			isa = XCBuildConfiguration;
			buildSettings = {
				ALWAYS_SEARCH_USER_PATHS = NO;
				CLANG_ANALYZER_NONNULL = YES;
				CLANG_ANALYZER_NUMBER_OBJECT_CONVERSION = YES_AGGRESSIVE;
				CLANG_CXX_LANGUAGE_STANDARD = "gnu++14";
				CLANG_CXX_LIBRARY = "libc++";
				CLANG_ENABLE_MODULES = YES;
				CLANG_ENABLE_OBJC_ARC = YES;
				CLANG_ENABLE_OBJC_WEAK = YES;
				CLANG_WARN_BLOCK_CAPTURE_AUTORELEASING = YES;
				CLANG_WARN_BOOL_CONVERSION = YES;
				CLANG_WARN_COMMA = YES;
				CLANG_WARN_CONSTANT_CONVERSION = YES;
				CLANG_WARN_DEPRECATED_OBJC_IMPLEMENTATIONS = YES;
				CLANG_WARN_DIRECT_OBJC_ISA_USAGE = YES_ERROR;
				CLANG_WARN_DOCUMENTATION_COMMENTS = YES;
				CLANG_WARN_EMPTY_BODY = YES;
				CLANG_WARN_ENUM_CONVERSION = YES;
				CLANG_WARN_INFINITE_RECURSION = YES;
				CLANG_WARN_INT_CONVERSION = YES;
				CLANG_WARN_NON_LITERAL_NULL_CONVERSION = YES;
				CLANG_WARN_OBJC_IMPLICIT_RETAIN_SELF = YES;
				CLANG_WARN_OBJC_LITERAL_CONVERSION = YES;
				CLANG_WARN_OBJC_ROOT_CLASS = YES_ERROR;
				CLANG_WARN_QUOTED_INCLUDE_IN_FRAMEWORK_HEADER = YES;
				CLANG_WARN_RANGE_LOOP_ANALYSIS = YES;
				CLANG_WARN_STRICT_PROTOTYPES = YES;
				CLANG_WARN_SUSPICIOUS_MOVE = YES;
				CLANG_WARN_UNGUARDED_AVAILABILITY = YES_AGGRESSIVE;
				CLANG_WARN_UNREACHABLE_CODE = YES;
				CLANG_WARN__DUPLICATE_METHOD_MATCH = YES;
				COPY_PHASE_STRIP = NO;
				DEBUG_INFORMATION_FORMAT = "dwarf-with-dsym";
				ENABLE_STRICT_OBJC_MSGSEND = YES;
				ENABLE_TESTABILITY = YES;
				GCC_C_LANGUAGE_STANDARD = gnu11;
				GCC_DYNAMIC_NO_PIC = NO;
				GCC_NO_COMMON_BLOCKS = YES;
				GCC_OPTIMIZATION_LEVEL = 0;
				GCC_PREPROCESSOR_DEFINITIONS = (
					"DEBUG=1",
					"$(inherited)",
				);
				GCC_WARN_64_TO_32_BIT_CONVERSION = YES;
				GCC_WARN_ABOUT_RETURN_TYPE = YES_ERROR;
				GCC_WARN_UNDECLARED_SELECTOR = YES;
				GCC_WARN_UNINITIALIZED_AUTOS = YES_AGGRESSIVE;
				GCC_WARN_UNUSED_FUNCTION = YES;
				GCC_WARN_UNUSED_VARIABLE = YES;
				IPHONEOS_DEPLOYMENT_TARGET = 15.0;
				MTL_ENABLE_DEBUG_INFO = INCLUDE_SOURCE;
				MTL_FAST_MATH = YES;
				ONLY_ACTIVE_ARCH = YES;
				SDKROOT = iphoneos;
				SWIFT_ACTIVE_COMPILATION_CONDITIONS = DEBUG;
				SWIFT_OPTIMIZATION_LEVEL = "-Onone";
			};
			name = Debug;
		};
		7555FFA4242A565B00829871 /* Release */ = {
			isa = XCBuildConfiguration;
			buildSettings = {
				ALWAYS_SEARCH_USER_PATHS = NO;
				CLANG_ANALYZER_NONNULL = YES;
				CLANG_ANALYZER_NUMBER_OBJECT_CONVERSION = YES_AGGRESSIVE;
				CLANG_CXX_LANGUAGE_STANDARD = "gnu++14";
				CLANG_CXX_LIBRARY = "libc++";
				CLANG_ENABLE_MODULES = YES;
				CLANG_ENABLE_OBJC_ARC = YES;
				CLANG_ENABLE_OBJC_WEAK = YES;
				CLANG_WARN_BLOCK_CAPTURE_AUTORELEASING = YES;
				CLANG_WARN_BOOL_CONVERSION = YES;
				CLANG_WARN_COMMA = YES;
				CLANG_WARN_CONSTANT_CONVERSION = YES;
				CLANG_WARN_DEPRECATED_OBJC_IMPLEMENTATIONS = YES;
				CLANG_WARN_DIRECT_OBJC_ISA_USAGE = YES_ERROR;
				CLANG_WARN_DOCUMENTATION_COMMENTS = YES;
				CLANG_WARN_EMPTY_BODY = YES;
				CLANG_WARN_ENUM_CONVERSION = YES;
				CLANG_WARN_INFINITE_RECURSION = YES;
				CLANG_WARN_INT_CONVERSION = YES;
				CLANG_WARN_NON_LITERAL_NULL_CONVERSION = YES;
				CLANG_WARN_OBJC_IMPLICIT_RETAIN_SELF = YES;
				CLANG_WARN_OBJC_LITERAL_CONVERSION = YES;
				CLANG_WARN_OBJC_ROOT_CLASS = YES_ERROR;
				CLANG_WARN_QUOTED_INCLUDE_IN_FRAMEWORK_HEADER = YES;
				CLANG_WARN_RANGE_LOOP_ANALYSIS = YES;
				CLANG_WARN_STRICT_PROTOTYPES = YES;
				CLANG_WARN_SUSPICIOUS_MOVE = YES;
				CLANG_WARN_UNGUARDED_AVAILABILITY = YES_AGGRESSIVE;
				CLANG_WARN_UNREACHABLE_CODE = YES;
				CLANG_WARN__DUPLICATE_METHOD_MATCH = YES;
				COPY_PHASE_STRIP = NO;
				DEBUG_INFORMATION_FORMAT = "dwarf-with-dsym";
				ENABLE_NS_ASSERTIONS = NO;
				ENABLE_STRICT_OBJC_MSGSEND = YES;
				GCC_C_LANGUAGE_STANDARD = gnu11;
				GCC_NO_COMMON_BLOCKS = YES;
				GCC_WARN_64_TO_32_BIT_CONVERSION = YES;
				GCC_WARN_ABOUT_RETURN_TYPE = YES_ERROR;
				GCC_WARN_UNDECLARED_SELECTOR = YES;
				GCC_WARN_UNINITIALIZED_AUTOS = YES_AGGRESSIVE;
				GCC_WARN_UNUSED_FUNCTION = YES;
				GCC_WARN_UNUSED_VARIABLE = YES;
				IPHONEOS_DEPLOYMENT_TARGET = 15.0;
				MTL_ENABLE_DEBUG_INFO = NO;
				MTL_FAST_MATH = YES;
				SDKROOT = iphoneos;
				SWIFT_COMPILATION_MODE = wholemodule;
				SWIFT_OPTIMIZATION_LEVEL = "-O";
				VALIDATE_PRODUCT = YES;
			};
			name = Release;
		};
		7555FFA6242A565B00829871 /* Debug */ = {
			isa = XCBuildConfiguration;
			baseConfigurationReference = 335DDDADCA8EF96DDC2FF0DA /* Pods-DevFest Nantes.debug.xcconfig */;
			buildSettings = {
				ASSETCATALOG_COMPILER_APPICON_NAME = AppIcon;
				CODE_SIGN_STYLE = Automatic;
				CURRENT_PROJECT_VERSION = 5;
				DEVELOPMENT_ASSET_PATHS = "\"iosApp/Preview Content\"";
				DEVELOPMENT_TEAM = ULPJX5LPF7;
				ENABLE_PREVIEWS = YES;
				INFOPLIST_FILE = iosApp/Info.plist;
				INFOPLIST_KEY_CFBundleDisplayName = "DevFest Nantes";
				INFOPLIST_KEY_LSApplicationCategoryType = "public.app-category.developer-tools";
				LD_RUNPATH_SEARCH_PATHS = (
					"$(inherited)",
					"@executable_path/Frameworks",
				);
				MARKETING_VERSION = 1.0.0;
				PRODUCT_BUNDLE_IDENTIFIER = com.gdgnantes.devfest.iosApp;
				PRODUCT_NAME = "$(TARGET_NAME)";
				SUPPORTED_PLATFORMS = "iphoneos iphonesimulator";
				SUPPORTS_MACCATALYST = NO;
				SUPPORTS_MAC_DESIGNED_FOR_IPHONE_IPAD = NO;
				SWIFT_VERSION = 5.0;
				TARGETED_DEVICE_FAMILY = "1,2";
			};
			name = Debug;
		};
		7555FFA7242A565B00829871 /* Release */ = {
			isa = XCBuildConfiguration;
			baseConfigurationReference = 642F83E11D7437F95EA9CC78 /* Pods-DevFest Nantes.release.xcconfig */;
			buildSettings = {
				ASSETCATALOG_COMPILER_APPICON_NAME = AppIcon;
				CODE_SIGN_STYLE = Automatic;
				CURRENT_PROJECT_VERSION = 5;
				DEVELOPMENT_ASSET_PATHS = "\"iosApp/Preview Content\"";
				DEVELOPMENT_TEAM = ULPJX5LPF7;
				ENABLE_PREVIEWS = YES;
				INFOPLIST_FILE = iosApp/Info.plist;
				INFOPLIST_KEY_CFBundleDisplayName = "DevFest Nantes";
				INFOPLIST_KEY_LSApplicationCategoryType = "public.app-category.developer-tools";
				LD_RUNPATH_SEARCH_PATHS = (
					"$(inherited)",
					"@executable_path/Frameworks",
				);
				MARKETING_VERSION = 1.0.0;
				PRODUCT_BUNDLE_IDENTIFIER = com.gdgnantes.devfest.iosApp;
				PRODUCT_NAME = "$(TARGET_NAME)";
				SUPPORTED_PLATFORMS = "iphoneos iphonesimulator";
				SUPPORTS_MACCATALYST = NO;
				SUPPORTS_MAC_DESIGNED_FOR_IPHONE_IPAD = NO;
				SWIFT_VERSION = 5.0;
				TARGETED_DEVICE_FAMILY = "1,2";
			};
			name = Release;
		};
/* End XCBuildConfiguration section */

/* Begin XCConfigurationList section */
		7555FF76242A565900829871 /* Build configuration list for PBXProject "iosApp" */ = {
			isa = XCConfigurationList;
			buildConfigurations = (
				7555FFA3242A565B00829871 /* Debug */,
				7555FFA4242A565B00829871 /* Release */,
			);
			defaultConfigurationIsVisible = 0;
			defaultConfigurationName = Release;
		};
		7555FFA5242A565B00829871 /* Build configuration list for PBXNativeTarget "DevFest Nantes" */ = {
			isa = XCConfigurationList;
			buildConfigurations = (
				7555FFA6242A565B00829871 /* Debug */,
				7555FFA7242A565B00829871 /* Release */,
			);
			defaultConfigurationIsVisible = 0;
			defaultConfigurationName = Release;
		};
/* End XCConfigurationList section */
	};
	rootObject = 7555FF73242A565900829871 /* Project object */;
}
