// !$*UTF8*$!
{
	archiveVersion = 1;
	classes = {
	};
	objectVersion = 54;
	objects = {

/* Begin PBXBuildFile section */
		0011BE942E36D8270084BE4D /* PerformanceMonitoring.swift in Sources */ = {isa = PBXBuildFile; fileRef = 0011BE922E36D8270084BE4D /* PerformanceMonitoring.swift */; };
		001CB9D72E3829B400614907 /* AgendaDetailView.swift in Sources */ = {isa = PBXBuildFile; fileRef = 001CB9D32E3829B400614907 /* AgendaDetailView.swift */; };
		001CB9D82E3829B400614907 /* AgendaViewModel.swift in Sources */ = {isa = PBXBuildFile; fileRef = 001CB9D52E3829B400614907 /* AgendaViewModel.swift */; };
		001CB9D92E3829B400614907 /* AgendaView.swift in Sources */ = {isa = PBXBuildFile; fileRef = 001CB9D42E3829B400614907 /* AgendaView.swift */; };
		001CB9DA2E3829B400614907 /* AgendaCellView.swift in Sources */ = {isa = PBXBuildFile; fileRef = 001CB9D22E3829B400614907 /* AgendaCellView.swift */; };
		003EC8D22DF8D7E1000E5689 /* FirebaseAnalyticsWithoutAdIdSupport in Frameworks */ = {isa = PBXBuildFile; productRef = 003EC8D12DF8D7E1000E5689 /* FirebaseAnalyticsWithoutAdIdSupport */; };
		003EC8D42DF8D7E1000E5689 /* FirebaseCrashlytics in Frameworks */ = {isa = PBXBuildFile; productRef = 003EC8D32DF8D7E1000E5689 /* FirebaseCrashlytics */; };
		003EC8D62DF8D7E1000E5689 /* FirebaseRemoteConfig in Frameworks */ = {isa = PBXBuildFile; productRef = 003EC8D52DF8D7E1000E5689 /* FirebaseRemoteConfig */; };
		003EC8D92DF8D84B000E5689 /* KMPNativeCoroutinesAsync in Frameworks */ = {isa = PBXBuildFile; productRef = 003EC8D82DF8D84B000E5689 /* KMPNativeCoroutinesAsync */; };
		003EC8DB2DF8D84B000E5689 /* KMPNativeCoroutinesCombine in Frameworks */ = {isa = PBXBuildFile; productRef = 003EC8DA2DF8D84B000E5689 /* KMPNativeCoroutinesCombine */; };
		003EC8DD2DF8D7E1000E5689 /* FirebasePerformance in Frameworks */ = {isa = PBXBuildFile; productRef = 003EC8DC2DF8D7E1000E5689 /* FirebasePerformance */; };
		00D442852E6638F100199668 /* SessionFilter.swift in Sources */ = {isa = PBXBuildFile; fileRef = 00D442842E6638F100199668 /* SessionFilter.swift */; };
		00D442862E6638F100199668 /* SessionFilter.swift in Sources */ = {isa = PBXBuildFile; fileRef = 00D442842E6638F100199668 /* SessionFilter.swift */; };
		00D442892E6707A600199668 /* AgendaNavigationBarItems.swift in Sources */ = {isa = PBXBuildFile; fileRef = 00D442872E6707A600199668 /* AgendaNavigationBarItems.swift */; };
		00D442902E67096900199668 /* ComplexityFilterMenu.swift in Sources */ = {isa = PBXBuildFile; fileRef = 00D4428B2E67096900199668 /* ComplexityFilterMenu.swift */; };
		00D442912E67096900199668 /* ClearFiltersButton.swift in Sources */ = {isa = PBXBuildFile; fileRef = 00D4428A2E67096900199668 /* ClearFiltersButton.swift */; };
		00D442922E67096900199668 /* FavoritesFilterMenu.swift in Sources */ = {isa = PBXBuildFile; fileRef = 00D4428C2E67096900199668 /* FavoritesFilterMenu.swift */; };
		00D442932E67096900199668 /* LanguageFilterMenu.swift in Sources */ = {isa = PBXBuildFile; fileRef = 00D4428D2E67096900199668 /* LanguageFilterMenu.swift */; };
		00D442942E67096900199668 /* SessionTypeFilterMenu.swift in Sources */ = {isa = PBXBuildFile; fileRef = 00D4428F2E67096900199668 /* SessionTypeFilterMenu.swift */; };
		00D442952E67096900199668 /* RoomFilterMenu.swift in Sources */ = {isa = PBXBuildFile; fileRef = 00D4428E2E67096900199668 /* RoomFilterMenu.swift */; };
		058557BB273AAA24004C7B11 /* Assets.xcassets in Resources */ = {isa = PBXBuildFile; fileRef = 058557BA273AAA24004C7B11 /* Assets.xcassets */; };
		058557D9273AAEEB004C7B11 /* Preview Assets.xcassets in Resources */ = {isa = PBXBuildFile; fileRef = 058557D8273AAEEB004C7B11 /* Preview Assets.xcassets */; };
		2152FB042600AC8F00CF470E /* iOSApp.swift in Sources */ = {isa = PBXBuildFile; fileRef = 2152FB032600AC8F00CF470E /* iOSApp.swift */; };
		7555FF83242A565900829871 /* ContentView.swift in Sources */ = {isa = PBXBuildFile; fileRef = 7555FF82242A565900829871 /* ContentView.swift */; };
		CB179BDB28D24C9C00BB9934 /* CategoryView.swift in Sources */ = {isa = PBXBuildFile; fileRef = CB179BDA28D24C9C00BB9934 /* CategoryView.swift */; };
		CB179BDE28D365E800BB9934 /* AgendaContent.swift in Sources */ = {isa = PBXBuildFile; fileRef = CB179BDD28D365E800BB9934 /* AgendaContent.swift */; };
		CB179BE028D365F600BB9934 /* VenueContent.swift in Sources */ = {isa = PBXBuildFile; fileRef = CB179BDF28D365F600BB9934 /* VenueContent.swift */; };
		CB179BE528D3894500BB9934 /* CustomButtonView.swift in Sources */ = {isa = PBXBuildFile; fileRef = CB179BE428D3894500BB9934 /* CustomButtonView.swift */; };
		CB179BEB28D4B48100BB9934 /* Localizable.strings in Resources */ = {isa = PBXBuildFile; fileRef = CB179BE928D4B48100BB9934 /* Localizable.strings */; };
		CB179BF428D4C33A00BB9934 /* swiftgen.yml in Resources */ = {isa = PBXBuildFile; fileRef = CB179BF328D4C33A00BB9934 /* swiftgen.yml */; };
		CB179BF628D4C36A00BB9934 /* Strings.swift in Sources */ = {isa = PBXBuildFile; fileRef = CB179BF528D4C36A00BB9934 /* Strings.swift */; };
		CB3979D02919B78E00BDAE6F /* DevFest_NantesTests.swift in Sources */ = {isa = PBXBuildFile; fileRef = CB3979CF2919B78E00BDAE6F /* DevFest_NantesTests.swift */; };
		CB4041DB291A764A000C3CCC /* MockDevFestNantesStore.swift in Sources */ = {isa = PBXBuildFile; fileRef = CB4041DA291A764A000C3CCC /* MockDevFestNantesStore.swift */; };
		CB46914329196228004C6120 /* Complexity-extension.swift in Sources */ = {isa = PBXBuildFile; fileRef = CB46914229196228004C6120 /* Complexity-extension.swift */; };
		CB46914529196271004C6120 /* SpeakerView.swift in Sources */ = {isa = PBXBuildFile; fileRef = CB46914429196271004C6120 /* SpeakerView.swift */; };
		CB4691472919661A004C6120 /* Bundle-extension.swift in Sources */ = {isa = PBXBuildFile; fileRef = CB4691462919661A004C6120 /* Bundle-extension.swift */; };
		CB4980F228F609E3001D0484 /* RCValues.swift in Sources */ = {isa = PBXBuildFile; fileRef = CB4980F128F609E3001D0484 /* RCValues.swift */; };
		CB4980F428FD73C7001D0484 /* PhotoDetailView.swift in Sources */ = {isa = PBXBuildFile; fileRef = CB4980F328FD73C7001D0484 /* PhotoDetailView.swift */; };
		CB4980F728FDE6AC001D0484 /* UIImage-extension.swift in Sources */ = {isa = PBXBuildFile; fileRef = CB4980F628FDE6AC001D0484 /* UIImage-extension.swift */; };
		CB837AB8287B7D6500FEDAA1 /* VenueView.swift in Sources */ = {isa = PBXBuildFile; fileRef = CB837AB7287B7D6500FEDAA1 /* VenueView.swift */; };
		CB837ABA287B7D9200FEDAA1 /* AboutView.swift in Sources */ = {isa = PBXBuildFile; fileRef = CB837AB9287B7D9200FEDAA1 /* AboutView.swift */; };
		CBA5C22E28DB194E00D2779B /* PartnersContent.swift in Sources */ = {isa = PBXBuildFile; fileRef = CBA5C22D28DB194E00D2779B /* PartnersContent.swift */; };
		CBA5C23028DB4F5100D2779B /* CardView.swift in Sources */ = {isa = PBXBuildFile; fileRef = CBA5C22F28DB4F5100D2779B /* CardView.swift */; };
		CBA5C23228DBC5CA00D2779B /* Assets.swift in Sources */ = {isa = PBXBuildFile; fileRef = CBA5C23128DBC5CA00D2779B /* Assets.swift */; };
		CBCB60ED28E47FC5001E9B1A /* LoadingView.swift in Sources */ = {isa = PBXBuildFile; fileRef = CBCB60EC28E47FC5001E9B1A /* LoadingView.swift */; };
		CBCB60FA28E48F27001E9B1A /* FirebaseAnalyticsService.swift in Sources */ = {isa = PBXBuildFile; fileRef = CBCB60F928E48F27001E9B1A /* FirebaseAnalyticsService.swift */; };
		CBCB610228E99990001E9B1A /* WebLinks.swift in Sources */ = {isa = PBXBuildFile; fileRef = CBCB610128E99990001E9B1A /* WebLinks.swift */; };
		CBDFA0232AAF566500302D34 /* SpeakersView.swift in Sources */ = {isa = PBXBuildFile; fileRef = CBDFA0222AAF566500302D34 /* SpeakersView.swift */; };
		CBDFA0302AB0F3E000302D34 /* SpeakerDetailsView.swift in Sources */ = {isa = PBXBuildFile; fileRef = CBDFA02F2AB0F3E000302D34 /* SpeakerDetailsView.swift */; };
		CBDFA0322AB0F4FC00302D34 /* SocialIcon.swift in Sources */ = {isa = PBXBuildFile; fileRef = CBDFA0312AB0F4FC00302D34 /* SocialIcon.swift */; };
		CBDFA0342AB0F5C500302D34 /* SpeakerPicture.swift in Sources */ = {isa = PBXBuildFile; fileRef = CBDFA0332AB0F5C500302D34 /* SpeakerPicture.swift */; };
		CBDFA0362AB1B72200302D34 /* SpeakerDetailsViewModel.swift in Sources */ = {isa = PBXBuildFile; fileRef = CBDFA0352AB1B72200302D34 /* SpeakerDetailsViewModel.swift */; };
		CBDFA0382AB1B74000302D34 /* BaseViewModel.swift in Sources */ = {isa = PBXBuildFile; fileRef = CBDFA0372AB1B74000302D34 /* BaseViewModel.swift */; };
		CBDFA03C2AB1BEFD00302D34 /* VenueViewModel.swift in Sources */ = {isa = PBXBuildFile; fileRef = CBDFA03B2AB1BEFD00302D34 /* VenueViewModel.swift */; };
		CBDFA03E2AB1BFBC00302D34 /* AboutViewModel.swift in Sources */ = {isa = PBXBuildFile; fileRef = CBDFA03D2AB1BFBC00302D34 /* AboutViewModel.swift */; };
		CBDFA0402AB1EDA200302D34 /* SpeakersViewModel.swift in Sources */ = {isa = PBXBuildFile; fileRef = CBDFA03F2AB1EDA200302D34 /* SpeakersViewModel.swift */; };
		F55262872C820F720013352B /* GoogleService-Info.plist in Resources */ = {isa = PBXBuildFile; fileRef = F55262862C820F720013352B /* GoogleService-Info.plist */; };
/* End PBXBuildFile section */

/* Begin PBXContainerItemProxy section */
		CB3979D12919B78E00BDAE6F /* PBXContainerItemProxy */ = {
			isa = PBXContainerItemProxy;
			containerPortal = 7555FF73242A565900829871 /* Project object */;
			proxyType = 1;
			remoteGlobalIDString = 7555FF7A242A565900829871;
			remoteInfo = "DevFest Nantes";
		};
/* End PBXContainerItemProxy section */

/* Begin PBXFileReference section */
		0011BE922E36D8270084BE4D /* PerformanceMonitoring.swift */ = {isa = PBXFileReference; lastKnownFileType = sourcecode.swift; path = PerformanceMonitoring.swift; sourceTree = "<group>"; };
		001CB9D22E3829B400614907 /* AgendaCellView.swift */ = {isa = PBXFileReference; lastKnownFileType = sourcecode.swift; path = AgendaCellView.swift; sourceTree = "<group>"; };
		001CB9D32E3829B400614907 /* AgendaDetailView.swift */ = {isa = PBXFileReference; lastKnownFileType = sourcecode.swift; path = AgendaDetailView.swift; sourceTree = "<group>"; };
		001CB9D42E3829B400614907 /* AgendaView.swift */ = {isa = PBXFileReference; lastKnownFileType = sourcecode.swift; path = AgendaView.swift; sourceTree = "<group>"; };
		001CB9D52E3829B400614907 /* AgendaViewModel.swift */ = {isa = PBXFileReference; lastKnownFileType = sourcecode.swift; path = AgendaViewModel.swift; sourceTree = "<group>"; };
		006B310E2C7A8FBB0024C17B /* DevFestNantesStore-extension.swift */ = {isa = PBXFileReference; lastKnownFileType = sourcecode.swift; path = "DevFestNantesStore-extension.swift"; sourceTree = "<group>"; };
		00D442842E6638F100199668 /* SessionFilter.swift */ = {isa = PBXFileReference; lastKnownFileType = sourcecode.swift; path = SessionFilter.swift; sourceTree = "<group>"; };
		00D442872E6707A600199668 /* AgendaNavigationBarItems.swift */ = {isa = PBXFileReference; lastKnownFileType = sourcecode.swift; path = AgendaNavigationBarItems.swift; sourceTree = "<group>"; };
		00D4428A2E67096900199668 /* ClearFiltersButton.swift */ = {isa = PBXFileReference; lastKnownFileType = sourcecode.swift; path = ClearFiltersButton.swift; sourceTree = "<group>"; };
		00D4428B2E67096900199668 /* ComplexityFilterMenu.swift */ = {isa = PBXFileReference; lastKnownFileType = sourcecode.swift; path = ComplexityFilterMenu.swift; sourceTree = "<group>"; };
		00D4428C2E67096900199668 /* FavoritesFilterMenu.swift */ = {isa = PBXFileReference; lastKnownFileType = sourcecode.swift; path = FavoritesFilterMenu.swift; sourceTree = "<group>"; };
		00D4428D2E67096900199668 /* LanguageFilterMenu.swift */ = {isa = PBXFileReference; lastKnownFileType = sourcecode.swift; path = LanguageFilterMenu.swift; sourceTree = "<group>"; };
		00D4428E2E67096900199668 /* RoomFilterMenu.swift */ = {isa = PBXFileReference; lastKnownFileType = sourcecode.swift; path = RoomFilterMenu.swift; sourceTree = "<group>"; };
		00D4428F2E67096900199668 /* SessionTypeFilterMenu.swift */ = {isa = PBXFileReference; lastKnownFileType = sourcecode.swift; path = SessionTypeFilterMenu.swift; sourceTree = "<group>"; };
		00D69FCF28D2032300498D05 /* libsqlite3.tbd */ = {isa = PBXFileReference; lastKnownFileType = "sourcecode.text-based-dylib-definition"; name = libsqlite3.tbd; path = usr/lib/libsqlite3.tbd; sourceTree = SDKROOT; };
		058557BA273AAA24004C7B11 /* Assets.xcassets */ = {isa = PBXFileReference; lastKnownFileType = folder.assetcatalog; path = Assets.xcassets; sourceTree = "<group>"; };
		058557D8273AAEEB004C7B11 /* Preview Assets.xcassets */ = {isa = PBXFileReference; lastKnownFileType = folder.assetcatalog; path = "Preview Assets.xcassets"; sourceTree = "<group>"; };
		2152FB032600AC8F00CF470E /* iOSApp.swift */ = {isa = PBXFileReference; lastKnownFileType = sourcecode.swift; path = iOSApp.swift; sourceTree = "<group>"; };
		7555FF7B242A565900829871 /* DevFest Nantes.app */ = {isa = PBXFileReference; explicitFileType = wrapper.application; includeInIndex = 0; path = "DevFest Nantes.app"; sourceTree = BUILT_PRODUCTS_DIR; };
		7555FF82242A565900829871 /* ContentView.swift */ = {isa = PBXFileReference; lastKnownFileType = sourcecode.swift; path = ContentView.swift; sourceTree = "<group>"; };
		7555FF8C242A565B00829871 /* Info.plist */ = {isa = PBXFileReference; lastKnownFileType = text.plist.xml; path = Info.plist; sourceTree = "<group>"; };
		CB179BDA28D24C9C00BB9934 /* CategoryView.swift */ = {isa = PBXFileReference; lastKnownFileType = sourcecode.swift; path = CategoryView.swift; sourceTree = "<group>"; };
		CB179BDD28D365E800BB9934 /* AgendaContent.swift */ = {isa = PBXFileReference; lastKnownFileType = sourcecode.swift; path = AgendaContent.swift; sourceTree = "<group>"; };
		CB179BDF28D365F600BB9934 /* VenueContent.swift */ = {isa = PBXFileReference; lastKnownFileType = sourcecode.swift; path = VenueContent.swift; sourceTree = "<group>"; };
		CB179BE428D3894500BB9934 /* CustomButtonView.swift */ = {isa = PBXFileReference; lastKnownFileType = sourcecode.swift; path = CustomButtonView.swift; sourceTree = "<group>"; };
		CB179BEA28D4B48100BB9934 /* en */ = {isa = PBXFileReference; lastKnownFileType = text.plist.strings; name = en; path = en.lproj/Localizable.strings; sourceTree = "<group>"; };
		CB179BEC28D4B48E00BB9934 /* fr */ = {isa = PBXFileReference; lastKnownFileType = text.plist.strings; name = fr; path = fr.lproj/Localizable.strings; sourceTree = "<group>"; };
		CB179BF328D4C33A00BB9934 /* swiftgen.yml */ = {isa = PBXFileReference; fileEncoding = 4; lastKnownFileType = text.yaml; path = swiftgen.yml; sourceTree = "<group>"; };
		CB179BF528D4C36A00BB9934 /* Strings.swift */ = {isa = PBXFileReference; fileEncoding = 4; lastKnownFileType = sourcecode.swift; path = Strings.swift; sourceTree = "<group>"; };
		CB3979CD2919B78E00BDAE6F /* DevFest NantesTests.xctest */ = {isa = PBXFileReference; explicitFileType = wrapper.cfbundle; includeInIndex = 0; path = "DevFest NantesTests.xctest"; sourceTree = BUILT_PRODUCTS_DIR; };
		CB3979CF2919B78E00BDAE6F /* DevFest_NantesTests.swift */ = {isa = PBXFileReference; lastKnownFileType = sourcecode.swift; path = DevFest_NantesTests.swift; sourceTree = "<group>"; };
		CB4041DA291A764A000C3CCC /* MockDevFestNantesStore.swift */ = {isa = PBXFileReference; lastKnownFileType = sourcecode.swift; path = MockDevFestNantesStore.swift; sourceTree = "<group>"; };
		CB46914229196228004C6120 /* Complexity-extension.swift */ = {isa = PBXFileReference; lastKnownFileType = sourcecode.swift; path = "Complexity-extension.swift"; sourceTree = "<group>"; };
		CB46914429196271004C6120 /* SpeakerView.swift */ = {isa = PBXFileReference; lastKnownFileType = sourcecode.swift; path = SpeakerView.swift; sourceTree = "<group>"; };
		CB4691462919661A004C6120 /* Bundle-extension.swift */ = {isa = PBXFileReference; lastKnownFileType = sourcecode.swift; path = "Bundle-extension.swift"; sourceTree = "<group>"; };
		CB4980F128F609E3001D0484 /* RCValues.swift */ = {isa = PBXFileReference; lastKnownFileType = sourcecode.swift; path = RCValues.swift; sourceTree = "<group>"; };
		CB4980F328FD73C7001D0484 /* PhotoDetailView.swift */ = {isa = PBXFileReference; lastKnownFileType = sourcecode.swift; path = PhotoDetailView.swift; sourceTree = "<group>"; };
		CB4980F628FDE6AC001D0484 /* UIImage-extension.swift */ = {isa = PBXFileReference; lastKnownFileType = sourcecode.swift; path = "UIImage-extension.swift"; sourceTree = "<group>"; };
		CB837AB7287B7D6500FEDAA1 /* VenueView.swift */ = {isa = PBXFileReference; lastKnownFileType = sourcecode.swift; path = VenueView.swift; sourceTree = "<group>"; };
		CB837AB9287B7D9200FEDAA1 /* AboutView.swift */ = {isa = PBXFileReference; lastKnownFileType = sourcecode.swift; path = AboutView.swift; sourceTree = "<group>"; };
		CBA5C22D28DB194E00D2779B /* PartnersContent.swift */ = {isa = PBXFileReference; lastKnownFileType = sourcecode.swift; path = PartnersContent.swift; sourceTree = "<group>"; };
		CBA5C22F28DB4F5100D2779B /* CardView.swift */ = {isa = PBXFileReference; lastKnownFileType = sourcecode.swift; path = CardView.swift; sourceTree = "<group>"; };
		CBA5C23128DBC5CA00D2779B /* Assets.swift */ = {isa = PBXFileReference; fileEncoding = 4; lastKnownFileType = sourcecode.swift; path = Assets.swift; sourceTree = "<group>"; };
		CBCB60EC28E47FC5001E9B1A /* LoadingView.swift */ = {isa = PBXFileReference; lastKnownFileType = sourcecode.swift; path = LoadingView.swift; sourceTree = "<group>"; };
		CBCB60F928E48F27001E9B1A /* FirebaseAnalyticsService.swift */ = {isa = PBXFileReference; lastKnownFileType = sourcecode.swift; path = FirebaseAnalyticsService.swift; sourceTree = "<group>"; };
		CBCB610128E99990001E9B1A /* WebLinks.swift */ = {isa = PBXFileReference; lastKnownFileType = sourcecode.swift; path = WebLinks.swift; sourceTree = "<group>"; };
		CBDFA0222AAF566500302D34 /* SpeakersView.swift */ = {isa = PBXFileReference; lastKnownFileType = sourcecode.swift; path = SpeakersView.swift; sourceTree = "<group>"; };
		CBDFA02F2AB0F3E000302D34 /* SpeakerDetailsView.swift */ = {isa = PBXFileReference; lastKnownFileType = sourcecode.swift; path = SpeakerDetailsView.swift; sourceTree = "<group>"; };
		CBDFA0312AB0F4FC00302D34 /* SocialIcon.swift */ = {isa = PBXFileReference; lastKnownFileType = sourcecode.swift; path = SocialIcon.swift; sourceTree = "<group>"; };
		CBDFA0332AB0F5C500302D34 /* SpeakerPicture.swift */ = {isa = PBXFileReference; lastKnownFileType = sourcecode.swift; path = SpeakerPicture.swift; sourceTree = "<group>"; };
		CBDFA0352AB1B72200302D34 /* SpeakerDetailsViewModel.swift */ = {isa = PBXFileReference; lastKnownFileType = sourcecode.swift; path = SpeakerDetailsViewModel.swift; sourceTree = "<group>"; };
		CBDFA0372AB1B74000302D34 /* BaseViewModel.swift */ = {isa = PBXFileReference; lastKnownFileType = sourcecode.swift; path = BaseViewModel.swift; sourceTree = "<group>"; };
		CBDFA03B2AB1BEFD00302D34 /* VenueViewModel.swift */ = {isa = PBXFileReference; lastKnownFileType = sourcecode.swift; path = VenueViewModel.swift; sourceTree = "<group>"; };
		CBDFA03D2AB1BFBC00302D34 /* AboutViewModel.swift */ = {isa = PBXFileReference; lastKnownFileType = sourcecode.swift; path = AboutViewModel.swift; sourceTree = "<group>"; };
		CBDFA03F2AB1EDA200302D34 /* SpeakersViewModel.swift */ = {isa = PBXFileReference; lastKnownFileType = sourcecode.swift; path = SpeakersViewModel.swift; sourceTree = "<group>"; };
		F55262862C820F720013352B /* GoogleService-Info.plist */ = {isa = PBXFileReference; fileEncoding = 4; lastKnownFileType = text.plist.xml; name = "GoogleService-Info.plist"; path = "../../../../../Downloads/GoogleService-Info.plist"; sourceTree = "<group>"; };
/* End PBXFileReference section */

/* Begin PBXFrameworksBuildPhase section */
		5E1F1D6C76BD5C5DE5D6CF99 /* Frameworks */ = {
			isa = PBXFrameworksBuildPhase;
			buildActionMask = 2147483647;
			files = (
				003EC8D92DF8D84B000E5689 /* KMPNativeCoroutinesAsync in Frameworks */,
				003EC8DB2DF8D84B000E5689 /* KMPNativeCoroutinesCombine in Frameworks */,
				003EC8D62DF8D7E1000E5689 /* FirebaseRemoteConfig in Frameworks */,
				003EC8DD2DF8D7E1000E5689 /* FirebasePerformance in Frameworks */,
				003EC8D22DF8D7E1000E5689 /* FirebaseAnalyticsWithoutAdIdSupport in Frameworks */,
				003EC8D42DF8D7E1000E5689 /* FirebaseCrashlytics in Frameworks */,
			);
			runOnlyForDeploymentPostprocessing = 0;
		};
		CB3979CA2919B78E00BDAE6F /* Frameworks */ = {
			isa = PBXFrameworksBuildPhase;
			buildActionMask = 2147483647;
			files = (
			);
			runOnlyForDeploymentPostprocessing = 0;
		};
/* End PBXFrameworksBuildPhase section */

/* Begin PBXGroup section */
		0011BE932E36D8270084BE4D /* Performance */ = {
			isa = PBXGroup;
			children = (
				0011BE922E36D8270084BE4D /* PerformanceMonitoring.swift */,
			);
			path = Performance;
			sourceTree = "<group>";
		};
		001CB9D62E3829B400614907 /* Agenda */ = {
			isa = PBXGroup;
			children = (
				001CB9D22E3829B400614907 /* AgendaCellView.swift */,
				001CB9D32E3829B400614907 /* AgendaDetailView.swift */,
				001CB9D42E3829B400614907 /* AgendaView.swift */,
				001CB9D52E3829B400614907 /* AgendaViewModel.swift */,
				00D442872E6707A600199668 /* AgendaNavigationBarItems.swift */,
				00D4428A2E67096900199668 /* ClearFiltersButton.swift */,
				00D4428B2E67096900199668 /* ComplexityFilterMenu.swift */,
				00D4428C2E67096900199668 /* FavoritesFilterMenu.swift */,
				00D4428D2E67096900199668 /* LanguageFilterMenu.swift */,
				00D4428E2E67096900199668 /* RoomFilterMenu.swift */,
				00D4428F2E67096900199668 /* SessionTypeFilterMenu.swift */,
			);
			path = Agenda;
			sourceTree = "<group>";
		};
		058557D7273AAEEB004C7B11 /* Preview Content */ = {
			isa = PBXGroup;
			children = (
				058557D8273AAEEB004C7B11 /* Preview Assets.xcassets */,
			);
			path = "Preview Content";
			sourceTree = "<group>";
		};
		7555FF72242A565900829871 = {
			isa = PBXGroup;
			children = (
				7555FF7D242A565900829871 /* iosApp */,
				CB3979CE2919B78E00BDAE6F /* DevFest NantesTests */,
				7555FF7C242A565900829871 /* Products */,
				D55A5A220E17EC8ED6D399D0 /* Frameworks */,
			);
			sourceTree = "<group>";
		};
		7555FF7C242A565900829871 /* Products */ = {
			isa = PBXGroup;
			children = (
				7555FF7B242A565900829871 /* DevFest Nantes.app */,
				CB3979CD2919B78E00BDAE6F /* DevFest NantesTests.xctest */,
			);
			name = Products;
			sourceTree = "<group>";
		};
		7555FF7D242A565900829871 /* iosApp */ = {
			isa = PBXGroup;
			children = (
				001CB9D62E3829B400614907 /* Agenda */,
				0011BE932E36D8270084BE4D /* Performance */,
				2152FB032600AC8F00CF470E /* iOSApp.swift */,
				7555FF8C242A565B00829871 /* Info.plist */,
				CB3979C829199C0B00BDAE6F /* Model */,
				CB3979C729199B7B00BDAE6F /* UI */,
				CBCB60F628E48EBC001E9B1A /* Analytics */,
				CB179BEE28D4C05100BB9934 /* SwiftGen */,
				CB179BE628D4B2ED00BB9934 /* Resources */,
				CB4980F528FDE673001D0484 /* Extension */,
				058557D7273AAEEB004C7B11 /* Preview Content */,
				F55262862C820F720013352B /* GoogleService-Info.plist */,
			);
			path = iosApp;
			sourceTree = "<group>";
		};
		CB179BD128D0D8FF00BB9934 /* Venue */ = {
			isa = PBXGroup;
			children = (
				CB837AB7287B7D6500FEDAA1 /* VenueView.swift */,
				CBDFA03B2AB1BEFD00302D34 /* VenueViewModel.swift */,
			);
			path = Venue;
			sourceTree = "<group>";
		};
		CB179BDC28D365B400BB9934 /* Data */ = {
			isa = PBXGroup;
			children = (
				CB179BDD28D365E800BB9934 /* AgendaContent.swift */,
				CB179BDF28D365F600BB9934 /* VenueContent.swift */,
				CBA5C22D28DB194E00D2779B /* PartnersContent.swift */,
			);
			path = Data;
			sourceTree = "<group>";
		};
		CB179BE128D37E4C00BB9934 /* About */ = {
			isa = PBXGroup;
			children = (
				CB837AB9287B7D9200FEDAA1 /* AboutView.swift */,
				CBDFA03D2AB1BFBC00302D34 /* AboutViewModel.swift */,
			);
			path = About;
			sourceTree = "<group>";
		};
		CB179BE628D4B2ED00BB9934 /* Resources */ = {
			isa = PBXGroup;
			children = (
				CB179BE928D4B48100BB9934 /* Localizable.strings */,
				058557BA273AAA24004C7B11 /* Assets.xcassets */,
				CBCB610128E99990001E9B1A /* WebLinks.swift */,
				CB4980F128F609E3001D0484 /* RCValues.swift */,
			);
			path = Resources;
			sourceTree = "<group>";
		};
		CB179BEE28D4C05100BB9934 /* SwiftGen */ = {
			isa = PBXGroup;
			children = (
				CBA5C23128DBC5CA00D2779B /* Assets.swift */,
				CB179BF528D4C36A00BB9934 /* Strings.swift */,
				CB179BF328D4C33A00BB9934 /* swiftgen.yml */,
			);
			path = SwiftGen;
			sourceTree = "<group>";
		};
		CB3979C729199B7B00BDAE6F /* UI */ = {
			isa = PBXGroup;
			children = (
				7555FF82242A565900829871 /* ContentView.swift */,
				CB46914029157375004C6120 /* Common */,
				CB179BD128D0D8FF00BB9934 /* Venue */,
				CBDFA0212AAF565000302D34 /* Speakers */,
				CB179BE128D37E4C00BB9934 /* About */,
			);
			path = UI;
			sourceTree = "<group>";
		};
		CB3979C829199C0B00BDAE6F /* Model */ = {
			isa = PBXGroup;
			children = (
				CBDFA0372AB1B74000302D34 /* BaseViewModel.swift */,
				CB179BDC28D365B400BB9934 /* Data */,
				00D442842E6638F100199668 /* SessionFilter.swift */,
			);
			path = Model;
			sourceTree = "<group>";
		};
		CB3979CE2919B78E00BDAE6F /* DevFest NantesTests */ = {
			isa = PBXGroup;
			children = (
				CB3979CF2919B78E00BDAE6F /* DevFest_NantesTests.swift */,
				CB4041DA291A764A000C3CCC /* MockDevFestNantesStore.swift */,
			);
			path = "DevFest NantesTests";
			sourceTree = "<group>";
		};
		CB46914029157375004C6120 /* Common */ = {
			isa = PBXGroup;
			children = (
				CBA5C22F28DB4F5100D2779B /* CardView.swift */,
				CB179BE428D3894500BB9934 /* CustomButtonView.swift */,
				CBCB60EC28E47FC5001E9B1A /* LoadingView.swift */,
				CB4980F328FD73C7001D0484 /* PhotoDetailView.swift */,
				CB179BDA28D24C9C00BB9934 /* CategoryView.swift */,
				CB46914429196271004C6120 /* SpeakerView.swift */,
				CBDFA0312AB0F4FC00302D34 /* SocialIcon.swift */,
				CBDFA0332AB0F5C500302D34 /* SpeakerPicture.swift */,
			);
			path = Common;
			sourceTree = "<group>";
		};
		CB4980F528FDE673001D0484 /* Extension */ = {
			isa = PBXGroup;
			children = (
				CB4980F628FDE6AC001D0484 /* UIImage-extension.swift */,
				CB46914229196228004C6120 /* Complexity-extension.swift */,
				CB4691462919661A004C6120 /* Bundle-extension.swift */,
				006B310E2C7A8FBB0024C17B /* DevFestNantesStore-extension.swift */,
			);
			path = Extension;
			sourceTree = "<group>";
		};
		CBCB60F628E48EBC001E9B1A /* Analytics */ = {
			isa = PBXGroup;
			children = (
				CBCB60F928E48F27001E9B1A /* FirebaseAnalyticsService.swift */,
			);
			path = Analytics;
			sourceTree = "<group>";
		};
		CBDFA0212AAF565000302D34 /* Speakers */ = {
			isa = PBXGroup;
			children = (
				CBDFA0222AAF566500302D34 /* SpeakersView.swift */,
				CBDFA02F2AB0F3E000302D34 /* SpeakerDetailsView.swift */,
				CBDFA0352AB1B72200302D34 /* SpeakerDetailsViewModel.swift */,
				CBDFA03F2AB1EDA200302D34 /* SpeakersViewModel.swift */,
			);
			path = Speakers;
			sourceTree = "<group>";
		};
		D55A5A220E17EC8ED6D399D0 /* Frameworks */ = {
			isa = PBXGroup;
			children = (
				00D69FCF28D2032300498D05 /* libsqlite3.tbd */,
			);
			name = Frameworks;
			sourceTree = "<group>";
		};
/* End PBXGroup section */

/* Begin PBXNativeTarget section */
		7555FF7A242A565900829871 /* DevFest Nantes */ = {
			isa = PBXNativeTarget;
			buildConfigurationList = 7555FFA5242A565B00829871 /* Build configuration list for PBXNativeTarget "DevFest Nantes" */;
			buildPhases = (
				CB179BED28D4BD7600BB9934 /* SwiftGen */,
				00F6A2802DF2359300355F6A /* ShellScript */,
				7555FF77242A565900829871 /* Sources */,
				7555FF79242A565900829871 /* Resources */,
				5E1F1D6C76BD5C5DE5D6CF99 /* Frameworks */,
				CB4FB2A92E12345600AA1234 /* Firebase Crashlytics */,
			);
			buildRules = (
			);
			dependencies = (
			);
			name = "DevFest Nantes";
			productName = iosApp;
			productReference = 7555FF7B242A565900829871 /* DevFest Nantes.app */;
			productType = "com.apple.product-type.application";
		};
		CB3979CC2919B78E00BDAE6F /* DevFest NantesTests */ = {
			isa = PBXNativeTarget;
			buildConfigurationList = CB3979D52919B78F00BDAE6F /* Build configuration list for PBXNativeTarget "DevFest NantesTests" */;
			buildPhases = (
				454FFC6B2083FF400649C68F /* [CP] Check Pods Manifest.lock */,
				CB3979C92919B78E00BDAE6F /* Sources */,
				CB3979CA2919B78E00BDAE6F /* Frameworks */,
				CB3979CB2919B78E00BDAE6F /* Resources */,
			);
			buildRules = (
			);
			dependencies = (
				CB3979D22919B78E00BDAE6F /* PBXTargetDependency */,
			);
			name = "DevFest NantesTests";
			productName = "DevFest NantesTests";
			productReference = CB3979CD2919B78E00BDAE6F /* DevFest NantesTests.xctest */;
			productType = "com.apple.product-type.bundle.unit-test";
		};
/* End PBXNativeTarget section */

/* Begin PBXProject section */
		7555FF73242A565900829871 /* Project object */ = {
			isa = PBXProject;
			attributes = {
				BuildIndependentTargetsInParallel = YES;
				LastSwiftUpdateCheck = 1410;
				LastUpgradeCheck = 1620;
				ORGANIZATIONNAME = orgName;
				TargetAttributes = {
					7555FF7A242A565900829871 = {
						CreatedOnToolsVersion = 11.3.1;
					};
					CB3979CC2919B78E00BDAE6F = {
						CreatedOnToolsVersion = 14.1;
						TestTargetID = 7555FF7A242A565900829871;
					};
				};
			};
			buildConfigurationList = 7555FF76242A565900829871 /* Build configuration list for PBXProject "iosApp" */;
			compatibilityVersion = "Xcode 9.3";
			developmentRegion = en;
			hasScannedForEncodings = 0;
			knownRegions = (
				en,
				fr,
				Base,
			);
			mainGroup = 7555FF72242A565900829871;
			packageReferences = (
				003EC8D02DF8D7E1000E5689 /* XCRemoteSwiftPackageReference "firebase-ios-sdk" */,
				003EC8D72DF8D84B000E5689 /* XCRemoteSwiftPackageReference "KMP-NativeCoroutines" */,
			);
			productRefGroup = 7555FF7C242A565900829871 /* Products */;
			projectDirPath = "";
			projectRoot = "";
			targets = (
				7555FF7A242A565900829871 /* DevFest Nantes */,
				CB3979CC2919B78E00BDAE6F /* DevFest NantesTests */,
			);
		};
/* End PBXProject section */

/* Begin PBXResourcesBuildPhase section */
		7555FF79242A565900829871 /* Resources */ = {
			isa = PBXResourcesBuildPhase;
			buildActionMask = 2147483647;
			files = (
				058557D9273AAEEB004C7B11 /* Preview Assets.xcassets in Resources */,
				CB179BEB28D4B48100BB9934 /* Localizable.strings in Resources */,
				058557BB273AAA24004C7B11 /* Assets.xcassets in Resources */,
				CB179BF428D4C33A00BB9934 /* swiftgen.yml in Resources */,
				F55262872C820F720013352B /* GoogleService-Info.plist in Resources */,
			);
			runOnlyForDeploymentPostprocessing = 0;
		};
		CB3979CB2919B78E00BDAE6F /* Resources */ = {
			isa = PBXResourcesBuildPhase;
			buildActionMask = 2147483647;
			files = (
			);
			runOnlyForDeploymentPostprocessing = 0;
		};
/* End PBXResourcesBuildPhase section */

/* Begin PBXShellScriptBuildPhase section */
		00F6A2802DF2359300355F6A /* ShellScript */ = {
			isa = PBXShellScriptBuildPhase;
			buildActionMask = 2147483647;
			files = (
			);
			inputFileListPaths = (
			);
			inputPaths = (
			);
			outputFileListPaths = (
			);
			outputPaths = (
			);
			runOnlyForDeploymentPostprocessing = 0;
			shellPath = /bin/sh;
			shellScript = "cd \"$SRCROOT/..\"\n./gradlew :shared:embedAndSignAppleFrameworkForXcode\n";
		};
		454FFC6B2083FF400649C68F /* [CP] Check Pods Manifest.lock */ = {
			isa = PBXShellScriptBuildPhase;
			buildActionMask = 2147483647;
			files = (
			);
			inputFileListPaths = (
			);
			inputPaths = (
				"${PODS_PODFILE_DIR_PATH}/Podfile.lock",
				"${PODS_ROOT}/Manifest.lock",
			);
			name = "[CP] Check Pods Manifest.lock";
			outputFileListPaths = (
			);
			outputPaths = (
				"$(DERIVED_FILE_DIR)/Pods-DevFest NantesTests-checkManifestLockResult.txt",
			);
			runOnlyForDeploymentPostprocessing = 0;
			shellPath = /bin/sh;
			shellScript = "diff \"${PODS_PODFILE_DIR_PATH}/Podfile.lock\" \"${PODS_ROOT}/Manifest.lock\" > /dev/null\nif [ $? != 0 ] ; then\n    # print error to STDERR\n    echo \"error: The sandbox is not in sync with the Podfile.lock. Run 'pod install' or update your CocoaPods installation.\" >&2\n    exit 1\nfi\n# This output is used by Xcode 'outputs' to avoid re-running this script phase.\necho \"SUCCESS\" > \"${SCRIPT_OUTPUT_FILE_0}\"\n";
			showEnvVarsInLog = 0;
		};
		CB179BED28D4BD7600BB9934 /* SwiftGen */ = {
			isa = PBXShellScriptBuildPhase;
			buildActionMask = 12;
			files = (
			);
			inputFileListPaths = (
			);
			inputPaths = (
			);
			name = SwiftGen;
			outputFileListPaths = (
			);
			outputPaths = (
			);
			runOnlyForDeploymentPostprocessing = 0;
			shellPath = /bin/sh;
			shellScript = "if which swiftgen >/dev/null; then\n  cd \"$SRCROOT/iosApp/SwiftGen\"\n  swiftgen config run\nelse\n  echo \"warning: SwiftGen not installed. Run 'brew install swiftgen'\"\nfi\n";
		};
		CB4FB2A92E12345600AA1234 /* Firebase Crashlytics */ = {
			isa = PBXShellScriptBuildPhase;
			buildActionMask = 2147483647;
			files = (
			);
			inputFileListPaths = (
			);
			inputPaths = (
				"${DWARF_DSYM_FOLDER_PATH}/${DWARF_DSYM_FILE_NAME}/Contents/Resources/DWARF/${TARGET_NAME}",
				"$(SRCROOT)/$(BUILT_PRODUCTS_DIR)/$(INFOPLIST_PATH)",
			);
			name = "Firebase Crashlytics";
			outputFileListPaths = (
			);
			outputPaths = (
			);
			runOnlyForDeploymentPostprocessing = 0;
			shellPath = /bin/sh;
			shellScript = "\"${BUILD_DIR%/Build/*}/SourcePackages/checkouts/firebase-ios-sdk/Crashlytics/run\"\n";
		};
/* End PBXShellScriptBuildPhase section */

/* Begin PBXSourcesBuildPhase section */
		7555FF77242A565900829871 /* Sources */ = {
			isa = PBXSourcesBuildPhase;
			buildActionMask = 2147483647;
			files = (
				CBA5C22E28DB194E00D2779B /* PartnersContent.swift in Sources */,
				CBDFA0362AB1B72200302D34 /* SpeakerDetailsViewModel.swift in Sources */,
				CBDFA0402AB1EDA200302D34 /* SpeakersViewModel.swift in Sources */,
				CBDFA03E2AB1BFBC00302D34 /* AboutViewModel.swift in Sources */,
				CB179BE528D3894500BB9934 /* CustomButtonView.swift in Sources */,
				CB46914529196271004C6120 /* SpeakerView.swift in Sources */,
				CB179BE028D365F600BB9934 /* VenueContent.swift in Sources */,
				CB837AB8287B7D6500FEDAA1 /* VenueView.swift in Sources */,
				CB179BDE28D365E800BB9934 /* AgendaContent.swift in Sources */,
				CB4980F428FD73C7001D0484 /* PhotoDetailView.swift in Sources */,
				2152FB042600AC8F00CF470E /* iOSApp.swift in Sources */,
				001CB9D72E3829B400614907 /* AgendaDetailView.swift in Sources */,
				001CB9D82E3829B400614907 /* AgendaViewModel.swift in Sources */,
				001CB9D92E3829B400614907 /* AgendaView.swift in Sources */,
				001CB9DA2E3829B400614907 /* AgendaCellView.swift in Sources */,
				CBDFA0302AB0F3E000302D34 /* SpeakerDetailsView.swift in Sources */,
				CB4980F228F609E3001D0484 /* RCValues.swift in Sources */,
				CB4691472919661A004C6120 /* Bundle-extension.swift in Sources */,
				CBDFA03C2AB1BEFD00302D34 /* VenueViewModel.swift in Sources */,
				00D442902E67096900199668 /* ComplexityFilterMenu.swift in Sources */,
				00D442912E67096900199668 /* ClearFiltersButton.swift in Sources */,
				00D442922E67096900199668 /* FavoritesFilterMenu.swift in Sources */,
				00D442932E67096900199668 /* LanguageFilterMenu.swift in Sources */,
				00D442942E67096900199668 /* SessionTypeFilterMenu.swift in Sources */,
				00D442952E67096900199668 /* RoomFilterMenu.swift in Sources */,
				CBDFA0382AB1B74000302D34 /* BaseViewModel.swift in Sources */,
				CBA5C23028DB4F5100D2779B /* CardView.swift in Sources */,
				0011BE942E36D8270084BE4D /* PerformanceMonitoring.swift in Sources */,
				CBDFA0342AB0F5C500302D34 /* SpeakerPicture.swift in Sources */,
				CB179BF628D4C36A00BB9934 /* Strings.swift in Sources */,
				00D442852E6638F100199668 /* SessionFilter.swift in Sources */,
				CBCB60FA28E48F27001E9B1A /* FirebaseAnalyticsService.swift in Sources */,
				CBA5C23228DBC5CA00D2779B /* Assets.swift in Sources */,
				7555FF83242A565900829871 /* ContentView.swift in Sources */,
				CBCB610228E99990001E9B1A /* WebLinks.swift in Sources */,
				CBDFA0232AAF566500302D34 /* SpeakersView.swift in Sources */,
				CB46914329196228004C6120 /* Complexity-extension.swift in Sources */,
				CB837ABA287B7D9200FEDAA1 /* AboutView.swift in Sources */,
				CBDFA0322AB0F4FC00302D34 /* SocialIcon.swift in Sources */,
				CB179BDB28D24C9C00BB9934 /* CategoryView.swift in Sources */,
				CBCB60ED28E47FC5001E9B1A /* LoadingView.swift in Sources */,
				CB4980F728FDE6AC001D0484 /* UIImage-extension.swift in Sources */,
				00D442892E6707A600199668 /* AgendaNavigationBarItems.swift in Sources */,
			);
			runOnlyForDeploymentPostprocessing = 0;
		};
		CB3979C92919B78E00BDAE6F /* Sources */ = {
			isa = PBXSourcesBuildPhase;
			buildActionMask = 2147483647;
			files = (
				00D442862E6638F100199668 /* SessionFilter.swift in Sources */,
				CB4041DB291A764A000C3CCC /* MockDevFestNantesStore.swift in Sources */,
				CB3979D02919B78E00BDAE6F /* DevFest_NantesTests.swift in Sources */,
			);
			runOnlyForDeploymentPostprocessing = 0;
		};
/* End PBXSourcesBuildPhase section */

/* Begin PBXTargetDependency section */
		CB3979D22919B78E00BDAE6F /* PBXTargetDependency */ = {
			isa = PBXTargetDependency;
			target = 7555FF7A242A565900829871 /* DevFest Nantes */;
			targetProxy = CB3979D12919B78E00BDAE6F /* PBXContainerItemProxy */;
		};
/* End PBXTargetDependency section */

/* Begin PBXVariantGroup section */
		CB179BE928D4B48100BB9934 /* Localizable.strings */ = {
			isa = PBXVariantGroup;
			children = (
				CB179BEA28D4B48100BB9934 /* en */,
				CB179BEC28D4B48E00BB9934 /* fr */,
			);
			name = Localizable.strings;
			sourceTree = "<group>";
		};
/* End PBXVariantGroup section */

/* Begin XCBuildConfiguration section */
		7555FFA3242A565B00829871 /* Debug */ = {
			isa = XCBuildConfiguration;
			buildSettings = {
				ALWAYS_SEARCH_USER_PATHS = NO;
				CLANG_ANALYZER_LOCALIZABILITY_NONLOCALIZED = YES;
				CLANG_ANALYZER_NONNULL = YES;
				CLANG_ANALYZER_NUMBER_OBJECT_CONVERSION = YES_AGGRESSIVE;
				CLANG_CXX_LANGUAGE_STANDARD = "gnu++14";
				CLANG_CXX_LIBRARY = "libc++";
				CLANG_ENABLE_MODULES = YES;
				CLANG_ENABLE_OBJC_ARC = YES;
				CLANG_ENABLE_OBJC_WEAK = YES;
				CLANG_WARN_BLOCK_CAPTURE_AUTORELEASING = YES;
				CLANG_WARN_BOOL_CONVERSION = YES;
				CLANG_WARN_COMMA = YES;
				CLANG_WARN_CONSTANT_CONVERSION = YES;
				CLANG_WARN_DEPRECATED_OBJC_IMPLEMENTATIONS = YES;
				CLANG_WARN_DIRECT_OBJC_ISA_USAGE = YES_ERROR;
				CLANG_WARN_DOCUMENTATION_COMMENTS = YES;
				CLANG_WARN_EMPTY_BODY = YES;
				CLANG_WARN_ENUM_CONVERSION = YES;
				CLANG_WARN_INFINITE_RECURSION = YES;
				CLANG_WARN_INT_CONVERSION = YES;
				CLANG_WARN_NON_LITERAL_NULL_CONVERSION = YES;
				CLANG_WARN_OBJC_IMPLICIT_RETAIN_SELF = YES;
				CLANG_WARN_OBJC_LITERAL_CONVERSION = YES;
				CLANG_WARN_OBJC_ROOT_CLASS = YES_ERROR;
				CLANG_WARN_QUOTED_INCLUDE_IN_FRAMEWORK_HEADER = YES;
				CLANG_WARN_RANGE_LOOP_ANALYSIS = YES;
				CLANG_WARN_STRICT_PROTOTYPES = YES;
				CLANG_WARN_SUSPICIOUS_MOVE = YES;
				CLANG_WARN_UNGUARDED_AVAILABILITY = YES_AGGRESSIVE;
				CLANG_WARN_UNREACHABLE_CODE = YES;
				CLANG_WARN__DUPLICATE_METHOD_MATCH = YES;
				COPY_PHASE_STRIP = NO;
				DEBUG_INFORMATION_FORMAT = dwarf;
				ENABLE_STRICT_OBJC_MSGSEND = YES;
				ENABLE_TESTABILITY = YES;
				GCC_C_LANGUAGE_STANDARD = gnu11;
				GCC_DYNAMIC_NO_PIC = NO;
				GCC_NO_COMMON_BLOCKS = YES;
				GCC_OPTIMIZATION_LEVEL = 0;
				GCC_PREPROCESSOR_DEFINITIONS = (
					"DEBUG=1",
					"$(inherited)",
				);
				GCC_WARN_64_TO_32_BIT_CONVERSION = YES;
				GCC_WARN_ABOUT_RETURN_TYPE = YES_ERROR;
				GCC_WARN_UNDECLARED_SELECTOR = YES;
				GCC_WARN_UNINITIALIZED_AUTOS = YES_AGGRESSIVE;
				GCC_WARN_UNUSED_FUNCTION = YES;
				GCC_WARN_UNUSED_VARIABLE = YES;
				IPHONEOS_DEPLOYMENT_TARGET = 15.0;
				MTL_ENABLE_DEBUG_INFO = INCLUDE_SOURCE;
				MTL_FAST_MATH = YES;
				ONLY_ACTIVE_ARCH = YES;
				SDKROOT = iphoneos;
				SWIFT_ACTIVE_COMPILATION_CONDITIONS = DEBUG;
				SWIFT_OPTIMIZATION_LEVEL = "-Onone";
				VALIDATE_PRODUCT = YES;
			};
			name = Debug;
		};
		7555FFA4242A565B00829871 /* Release */ = {
			isa = XCBuildConfiguration;
			buildSettings = {
				ALWAYS_SEARCH_USER_PATHS = NO;
				CLANG_ANALYZER_LOCALIZABILITY_NONLOCALIZED = YES;
				CLANG_ANALYZER_NONNULL = YES;
				CLANG_ANALYZER_NUMBER_OBJECT_CONVERSION = YES_AGGRESSIVE;
				CLANG_CXX_LANGUAGE_STANDARD = "gnu++14";
				CLANG_CXX_LIBRARY = "libc++";
				CLANG_ENABLE_MODULES = YES;
				CLANG_ENABLE_OBJC_ARC = YES;
				CLANG_ENABLE_OBJC_WEAK = YES;
				CLANG_WARN_BLOCK_CAPTURE_AUTORELEASING = YES;
				CLANG_WARN_BOOL_CONVERSION = YES;
				CLANG_WARN_COMMA = YES;
				CLANG_WARN_CONSTANT_CONVERSION = YES;
				CLANG_WARN_DEPRECATED_OBJC_IMPLEMENTATIONS = YES;
				CLANG_WARN_DIRECT_OBJC_ISA_USAGE = YES_ERROR;
				CLANG_WARN_DOCUMENTATION_COMMENTS = YES;
				CLANG_WARN_EMPTY_BODY = YES;
				CLANG_WARN_ENUM_CONVERSION = YES;
				CLANG_WARN_INFINITE_RECURSION = YES;
				CLANG_WARN_INT_CONVERSION = YES;
				CLANG_WARN_NON_LITERAL_NULL_CONVERSION = YES;
				CLANG_WARN_OBJC_IMPLICIT_RETAIN_SELF = YES;
				CLANG_WARN_OBJC_LITERAL_CONVERSION = YES;
				CLANG_WARN_OBJC_ROOT_CLASS = YES_ERROR;
				CLANG_WARN_QUOTED_INCLUDE_IN_FRAMEWORK_HEADER = YES;
				CLANG_WARN_RANGE_LOOP_ANALYSIS = YES;
				CLANG_WARN_STRICT_PROTOTYPES = YES;
				CLANG_WARN_SUSPICIOUS_MOVE = YES;
				CLANG_WARN_UNGUARDED_AVAILABILITY = YES_AGGRESSIVE;
				CLANG_WARN_UNREACHABLE_CODE = YES;
				CLANG_WARN__DUPLICATE_METHOD_MATCH = YES;
				COPY_PHASE_STRIP = NO;
				DEBUG_INFORMATION_FORMAT = dwarf;
				ENABLE_NS_ASSERTIONS = NO;
				ENABLE_STRICT_OBJC_MSGSEND = YES;
				GCC_C_LANGUAGE_STANDARD = gnu11;
				GCC_NO_COMMON_BLOCKS = YES;
				GCC_WARN_64_TO_32_BIT_CONVERSION = YES;
				GCC_WARN_ABOUT_RETURN_TYPE = YES_ERROR;
				GCC_WARN_UNDECLARED_SELECTOR = YES;
				GCC_WARN_UNINITIALIZED_AUTOS = YES_AGGRESSIVE;
				GCC_WARN_UNUSED_FUNCTION = YES;
				GCC_WARN_UNUSED_VARIABLE = YES;
				IPHONEOS_DEPLOYMENT_TARGET = 15.0;
				MTL_ENABLE_DEBUG_INFO = NO;
				MTL_FAST_MATH = YES;
				SDKROOT = iphoneos;
				SWIFT_COMPILATION_MODE = wholemodule;
				SWIFT_OPTIMIZATION_LEVEL = "-O";
				VALIDATE_PRODUCT = YES;
			};
			name = Release;
		};
		7555FFA6242A565B00829871 /* Debug */ = {
			isa = XCBuildConfiguration;
			buildSettings = {
				ASSETCATALOG_COMPILER_APPICON_NAME = AppIcon;
				CODE_SIGN_IDENTITY = "Apple Development";
				CODE_SIGN_STYLE = Automatic;
				CURRENT_PROJECT_VERSION = 21;
				DEVELOPMENT_ASSET_PATHS = "\"iosApp/Preview Content\"";
				DEVELOPMENT_TEAM = ULPJX5LPF7;
				ENABLE_PREVIEWS = YES;
				INFOPLIST_FILE = iosApp/Info.plist;
				INFOPLIST_KEY_CFBundleDisplayName = "DevFest Nantes";
				INFOPLIST_KEY_LSApplicationCategoryType = "public.app-category.developer-tools";
				LD_RUNPATH_SEARCH_PATHS = (
					"$(inherited)",
					"@executable_path/Frameworks",
				);
				MARKETING_VERSION = 2025.08.01;
				OTHER_LDFLAGS = "-ObjC";
				PRODUCT_BUNDLE_IDENTIFIER = com.gdgnantes.devfest.iosApp;
				PRODUCT_NAME = "$(TARGET_NAME)";
				PROVISIONING_PROFILE_SPECIFIER = "";
				SUPPORTED_PLATFORMS = "iphoneos iphonesimulator";
				SUPPORTS_MACCATALYST = NO;
				SUPPORTS_MAC_DESIGNED_FOR_IPHONE_IPAD = NO;
				SWIFT_VERSION = 5.0;
				TARGETED_DEVICE_FAMILY = "1,2";
			};
			name = Debug;
		};
		7555FFA7242A565B00829871 /* Release */ = {
			isa = XCBuildConfiguration;
			buildSettings = {
				ASSETCATALOG_COMPILER_APPICON_NAME = AppIcon;
				CODE_SIGN_IDENTITY = "Apple Development";
				CODE_SIGN_STYLE = Automatic;
				CURRENT_PROJECT_VERSION = 21;
				DEBUG_INFORMATION_FORMAT = "dwarf-with-dsym";
				DEVELOPMENT_ASSET_PATHS = "\"iosApp/Preview Content\"";
				DEVELOPMENT_TEAM = ULPJX5LPF7;
				ENABLE_PREVIEWS = YES;
				GENERATE_DEBUG_SYMBOLS = YES;
				INFOPLIST_FILE = iosApp/Info.plist;
				INFOPLIST_KEY_CFBundleDisplayName = "DevFest Nantes";
				INFOPLIST_KEY_LSApplicationCategoryType = "public.app-category.developer-tools";
				LD_RUNPATH_SEARCH_PATHS = (
					"$(inherited)",
					"@executable_path/Frameworks",
				);
				MARKETING_VERSION = 2025.08.01;
				OTHER_LDFLAGS = "-ObjC";
				PRODUCT_BUNDLE_IDENTIFIER = com.gdgnantes.devfest.iosApp;
				PRODUCT_NAME = "$(TARGET_NAME)";
				PROVISIONING_PROFILE_SPECIFIER = "";
				STRIP_DEBUG_SYMBOLS_DURING_COPY = NO;
				SUPPORTED_PLATFORMS = "iphoneos iphonesimulator";
				SUPPORTS_MACCATALYST = NO;
				SUPPORTS_MAC_DESIGNED_FOR_IPHONE_IPAD = NO;
				SWIFT_VERSION = 5.0;
				TARGETED_DEVICE_FAMILY = "1,2";
			};
			name = Release;
		};
		CB3979D32919B78F00BDAE6F /* Debug */ = {
			isa = XCBuildConfiguration;
			buildSettings = {
				BUNDLE_LOADER = "$(TEST_HOST)";
				CLANG_CXX_LANGUAGE_STANDARD = "gnu++20";
				CODE_SIGN_STYLE = Automatic;
				CURRENT_PROJECT_VERSION = 21;
				DEVELOPMENT_TEAM = ULPJX5LPF7;
				GENERATE_INFOPLIST_FILE = YES;
				HEADER_SEARCH_PATHS = "\"${SRCROOT}/Pods/Firebase/CoreOnly/Sources\"";
				IPHONEOS_DEPLOYMENT_TARGET = 15.0;
				MARKETING_VERSION = 1.0;
				PRODUCT_BUNDLE_IDENTIFIER = "com.DevFest-NantesTests";
				PRODUCT_NAME = "$(TARGET_NAME)";
				SUPPORTED_PLATFORMS = "iphoneos iphonesimulator";
				SUPPORTS_MACCATALYST = NO;
				SUPPORTS_MAC_DESIGNED_FOR_IPHONE_IPAD = NO;
				SWIFT_EMIT_LOC_STRINGS = NO;
				SWIFT_VERSION = 5.0;
				TARGETED_DEVICE_FAMILY = 1;
				TEST_HOST = "$(BUILT_PRODUCTS_DIR)/DevFest Nantes.app/$(BUNDLE_EXECUTABLE_FOLDER_PATH)/DevFest Nantes";
			};
			name = Debug;
		};
		CB3979D42919B78F00BDAE6F /* Release */ = {
			isa = XCBuildConfiguration;
			buildSettings = {
				BUNDLE_LOADER = "$(TEST_HOST)";
				CLANG_CXX_LANGUAGE_STANDARD = "gnu++20";
				CODE_SIGN_STYLE = Automatic;
				CURRENT_PROJECT_VERSION = 21;
				DEBUG_INFORMATION_FORMAT = "dwarf-with-dsym";
				DEVELOPMENT_TEAM = ULPJX5LPF7;
				GENERATE_INFOPLIST_FILE = YES;
				HEADER_SEARCH_PATHS = "\"${SRCROOT}/Pods/Firebase/CoreOnly/Sources\"";
				IPHONEOS_DEPLOYMENT_TARGET = 15.0;
				MARKETING_VERSION = 1.0;
				PRODUCT_BUNDLE_IDENTIFIER = "com.DevFest-NantesTests";
				PRODUCT_NAME = "$(TARGET_NAME)";
				SUPPORTED_PLATFORMS = "iphoneos iphonesimulator";
				SUPPORTS_MACCATALYST = NO;
				SUPPORTS_MAC_DESIGNED_FOR_IPHONE_IPAD = NO;
				SWIFT_EMIT_LOC_STRINGS = NO;
				SWIFT_VERSION = 5.0;
				TARGETED_DEVICE_FAMILY = 1;
				TEST_HOST = "$(BUILT_PRODUCTS_DIR)/DevFest Nantes.app/$(BUNDLE_EXECUTABLE_FOLDER_PATH)/DevFest Nantes";
			};
			name = Release;
		};
/* End XCBuildConfiguration section */

/* Begin XCConfigurationList section */
		7555FF76242A565900829871 /* Build configuration list for PBXProject "iosApp" */ = {
			isa = XCConfigurationList;
			buildConfigurations = (
				7555FFA3242A565B00829871 /* Debug */,
				7555FFA4242A565B00829871 /* Release */,
			);
			defaultConfigurationIsVisible = 0;
			defaultConfigurationName = Release;
		};
		7555FFA5242A565B00829871 /* Build configuration list for PBXNativeTarget "DevFest Nantes" */ = {
			isa = XCConfigurationList;
			buildConfigurations = (
				7555FFA6242A565B00829871 /* Debug */,
				7555FFA7242A565B00829871 /* Release */,
			);
			defaultConfigurationIsVisible = 0;
			defaultConfigurationName = Release;
		};
		CB3979D52919B78F00BDAE6F /* Build configuration list for PBXNativeTarget "DevFest NantesTests" */ = {
			isa = XCConfigurationList;
			buildConfigurations = (
				CB3979D32919B78F00BDAE6F /* Debug */,
				CB3979D42919B78F00BDAE6F /* Release */,
			);
			defaultConfigurationIsVisible = 0;
			defaultConfigurationName = Release;
		};
/* End XCConfigurationList section */

/* Begin XCRemoteSwiftPackageReference section */
		003EC8D02DF8D7E1000E5689 /* XCRemoteSwiftPackageReference "firebase-ios-sdk" */ = {
			isa = XCRemoteSwiftPackageReference;
			repositoryURL = "https://github.com/firebase/firebase-ios-sdk.git";
			requirement = {
				kind = upToNextMajorVersion;
				minimumVersion = 11.14.0;
			};
		};
		003EC8D72DF8D84B000E5689 /* XCRemoteSwiftPackageReference "KMP-NativeCoroutines" */ = {
			isa = XCRemoteSwiftPackageReference;
			repositoryURL = "https://github.com/rickclephas/KMP-NativeCoroutines.git";
			requirement = {
				kind = exactVersion;
				version = "1.0.0-ALPHA-45";
			};
		};
/* End XCRemoteSwiftPackageReference section */

/* Begin XCSwiftPackageProductDependency section */
		003EC8D12DF8D7E1000E5689 /* FirebaseAnalyticsWithoutAdIdSupport */ = {
			isa = XCSwiftPackageProductDependency;
			package = 003EC8D02DF8D7E1000E5689 /* XCRemoteSwiftPackageReference "firebase-ios-sdk" */;
			productName = FirebaseAnalyticsWithoutAdIdSupport;
		};
		003EC8D32DF8D7E1000E5689 /* FirebaseCrashlytics */ = {
			isa = XCSwiftPackageProductDependency;
			package = 003EC8D02DF8D7E1000E5689 /* XCRemoteSwiftPackageReference "firebase-ios-sdk" */;
			productName = FirebaseCrashlytics;
		};
		003EC8D52DF8D7E1000E5689 /* FirebaseRemoteConfig */ = {
			isa = XCSwiftPackageProductDependency;
			package = 003EC8D02DF8D7E1000E5689 /* XCRemoteSwiftPackageReference "firebase-ios-sdk" */;
			productName = FirebaseRemoteConfig;
		};
		003EC8D82DF8D84B000E5689 /* KMPNativeCoroutinesAsync */ = {
			isa = XCSwiftPackageProductDependency;
			package = 003EC8D72DF8D84B000E5689 /* XCRemoteSwiftPackageReference "KMP-NativeCoroutines" */;
			productName = KMPNativeCoroutinesAsync;
		};
		003EC8DA2DF8D84B000E5689 /* KMPNativeCoroutinesCombine */ = {
			isa = XCSwiftPackageProductDependency;
			package = 003EC8D72DF8D84B000E5689 /* XCRemoteSwiftPackageReference "KMP-NativeCoroutines" */;
			productName = KMPNativeCoroutinesCombine;
		};
		003EC8DC2DF8D7E1000E5689 /* FirebasePerformance */ = {
			isa = XCSwiftPackageProductDependency;
			package = 003EC8D02DF8D7E1000E5689 /* XCRemoteSwiftPackageReference "firebase-ios-sdk" */;
			productName = FirebasePerformance;
		};
/* End XCSwiftPackageProductDependency section */
	};
	rootObject = 7555FF73242A565900829871 /* Project object */;
}
